
Microsoft Visual Studio Solution File, Format Version 9.00
# Visual Studio 2005
Project("{2150E333-8FDC-42A3-9474-1A3956D46DE8}") = "NativeLib", "NativeLib", "{F8A0BA4E-CAD0-4C2E-8E96-5398842D7E7A}"
EndProject
Project("{8BC9CEB8-8B4A-11D0-8D11-00A0C91BC942}") = "NativeLib", "NativeLib\NativeLib.vcproj", "{C604AD24-F272-4A9F-B424-13E2DCE7E755}"
EndProject
Project("{2150E333-8FDC-42A3-9474-1A3956D46DE8}") = "Chapter 4.1", "Chapter 4.1", "{5F3DDB62-36C6-4A5C-99D6-BFCBDE5683F8}"
EndProject
Project("{8BC9CEB8-8B4A-11D0-8D11-00A0C91BC942}") = "ManagedCPPWrapper", "Chapter 4.1\ManagedCPPWrapper\ManagedCPPWrapper.vcproj", "{31D60A36-82B2-476C-81CD-CB4B22BF4B52}"
	ProjectSection(ProjectDependencies) = postProject
		{C604AD24-F272-4A9F-B424-13E2DCE7E755} = {C604AD24-F272-4A9F-B424-13E2DCE7E755}
	EndProjectSection
EndProject
Project("{8BC9CEB8-8B4A-11D0-8D11-00A0C91BC942}") = "ManagedCPPClient", "Chapter 4.1\ManagedCPPClient\ManagedCPPClient.vcproj", "{DFBD5C0F-BED4-4BD1-9C66-0BD82A9F5679}"
EndProject
Project("{FAE04EC0-301F-11D3-BF4B-00C04F79EFBC}") = "CSharpClient", "Chapter 4.1\CSharpClient\CSharpClient.csproj", "{9C8D5D7A-A464-4038-A95B-B391A539E11E}"
EndProject
Project("{2150E333-8FDC-42A3-9474-1A3956D46DE8}") = "Chapter 4.2", "Chapter 4.2", "{5F23958C-BB8A-4F77-B7A0-749CB5589C6B}"
EndProject
Project("{8BC9CEB8-8B4A-11D0-8D11-00A0C91BC942}") = "ManagedClassWrapper", "Chapter 4.2\ManagedClassWrapper\ManagedClassWrapper.vcproj", "{F0BED1D7-7EEC-40BF-95E0-C2F54C0577EE}"
	ProjectSection(ProjectDependencies) = postProject
		{C604AD24-F272-4A9F-B424-13E2DCE7E755} = {C604AD24-F272-4A9F-B424-13E2DCE7E755}
	EndProjectSection
EndProject
Project("{FAE04EC0-301F-11D3-BF4B-00C04F79EFBC}") = "CSharpClient", "Chapter 4.2\CSharpClient\CSharpClient.csproj", "{7B0C91B6-8828-454E-BB91-CE379B2EFB1C}"
EndProject
Project("{2150E333-8FDC-42A3-9474-1A3956D46DE8}") = "Chapter 4.3", "Chapter 4.3", "{A8D4C389-DA8A-46F9-91D3-C2B50E7735B8}"
EndProject
Project("{FAE04EC0-301F-11D3-BF4B-00C04F79EFBC}") = "AdvancedStopwatch", "Chapter 4.3\AdvancedStopwatch\AdvancedStopwatch.csproj", "{64998F61-656F-4B85-8CA2-4DDBAC20EFA3}"
EndProject
Project("{8BC9CEB8-8B4A-11D0-8D11-00A0C91BC942}") = "UseManagedObject", "Chapter 4.3\UseManagedObject\UseManagedObject.vcproj", "{3CFADCE4-3F2B-4D20-BE03-5E6EAE15173E}"
EndProject
Project("{2150E333-8FDC-42A3-9474-1A3956D46DE8}") = "Chapter 4.4", "Chapter 4.4", "{7FA75929-3017-4FC3-9B9E-540A4B842271}"
EndProject
Project("{8BC9CEB8-8B4A-11D0-8D11-00A0C91BC942}") = "MixedLib", "Chapter 4.4\MixedLib\MixedLib.vcproj", "{8D2941B3-6B8F-428D-AE9C-B06AFCBC96AB}"
EndProject
Project("{8BC9CEB8-8B4A-11D0-8D11-00A0C91BC942}") = "MixedNativeClient", "Chapter 4.4\MixedNativeClient\MixedNativeClient.vcproj", "{E348F308-37DD-45ED-9DCB-69DF826AA14D}"
	ProjectSection(ProjectDependencies) = postProject
		{8D2941B3-6B8F-428D-AE9C-B06AFCBC96AB} = {8D2941B3-6B8F-428D-AE9C-B06AFCBC96AB}
	EndProjectSection
EndProject
Project("{FAE04EC0-301F-11D3-BF4B-00C04F79EFBC}") = "MixedManagedClient", "Chapter 4.4\MixedManagedClient\MixedManagedClient.csproj", "{8CD25FEC-1DC6-4752-969B-5F20DF7283A3}"
EndProject
Project("{2150E333-8FDC-42A3-9474-1A3956D46DE8}") = "Chapter 4.5", "Chapter 4.5", "{A7BAF44F-E610-4C19-9E70-0B767013FCD8}"
EndProject
Project("{8BC9CEB8-8B4A-11D0-8D11-00A0C91BC942}") = "CppInterop_MarshalString", "Chapter 4.5\CppInterop_MarshalString\CppInterop_MarshalString.vcproj", "{92F0884F-2FA9-4ADF-B378-70AD83612AF3}"
	ProjectSection(ProjectDependencies) = postProject
		{C604AD24-F272-4A9F-B424-13E2DCE7E755} = {C604AD24-F272-4A9F-B424-13E2DCE7E755}
	EndProjectSection
EndProject
Project("{8BC9CEB8-8B4A-11D0-8D11-00A0C91BC942}") = "CppInterop_MarshalStructure", "Chapter 4.5\CppInterop_MarshalStructure\CppInterop_MarshalStructure.vcproj", "{296D7E95-6899-47A2-BF45-E3457EC77C39}"
	ProjectSection(ProjectDependencies) = postProject
		{C604AD24-F272-4A9F-B424-13E2DCE7E755} = {C604AD24-F272-4A9F-B424-13E2DCE7E755}
	EndProjectSection
EndProject
Project("{8BC9CEB8-8B4A-11D0-8D11-00A0C91BC942}") = "CppInterop_MarshalArray", "Chapter 4.5\CppInterop_MarshalArray\CppInterop_MarshalArray.vcproj", "{F4C4577E-DA55-4B56-99EB-52E48BD9F5F7}"
EndProject
Project("{8BC9CEB8-8B4A-11D0-8D11-00A0C91BC942}") = "CppInterop_MarshalCallback", "Chapter 4.5\CppInterop_MarshalCallback\CppInterop_MarshalCallback.vcproj", "{5E228F07-ACD6-45DA-9E6E-8E11FD81C1CB}"
EndProject
Project("{2150E333-8FDC-42A3-9474-1A3956D46DE8}") = "Chapter 4.6", "Chapter 4.6", "{34951821-528F-42DA-BBA5-B33BEB072733}"
EndProject
Project("{FAE04EC0-301F-11D3-BF4B-00C04F79EFBC}") = "ExceptionCSharpClient", "Chapter 4.6\ExceptionCSharpClient\ExceptionCSharpClient.csproj", "{82EB1689-2CD9-4251-9B8E-72911CC55486}"
EndProject
Project("{8BC9CEB8-8B4A-11D0-8D11-00A0C91BC942}") = "ExceptionMCppWrapper", "Chapter 4.6\ExceptionMCppWrapper\ExceptionMCppWrapper.vcproj", "{9B15AB83-0E6F-41EF-87CC-CDAC4FB93B5B}"
	ProjectSection(ProjectDependencies) = postProject
		{C604AD24-F272-4A9F-B424-13E2DCE7E755} = {C604AD24-F272-4A9F-B424-13E2DCE7E755}
	EndProjectSection
EndProject
Project("{8BC9CEB8-8B4A-11D0-8D11-00A0C91BC942}") = "DetectTypeTrait", "Chapter 4.6\DetectTypeTrait\DetectTypeTrait.vcproj", "{1FC08142-A373-420D-812E-7BFF59DDC833}"
EndProject
Global
	GlobalSection(SolutionConfigurationPlatforms) = preSolution
		Debug|x86 = Debug|x86
		Release|x86 = Release|x86
	EndGlobalSection
	GlobalSection(ProjectConfigurationPlatforms) = postSolution
		{C604AD24-F272-4A9F-B424-13E2DCE7E755}.Debug|x86.ActiveCfg = Debug|Win32
		{C604AD24-F272-4A9F-B424-13E2DCE7E755}.Debug|x86.Build.0 = Debug|Win32
		{C604AD24-F272-4A9F-B424-13E2DCE7E755}.Release|x86.ActiveCfg = Release|Win32
		{C604AD24-F272-4A9F-B424-13E2DCE7E755}.Release|x86.Build.0 = Release|Win32
		{31D60A36-82B2-476C-81CD-CB4B22BF4B52}.Debug|x86.ActiveCfg = Debug|Win32
		{31D60A36-82B2-476C-81CD-CB4B22BF4B52}.Debug|x86.Build.0 = Debug|Win32
		{31D60A36-82B2-476C-81CD-CB4B22BF4B52}.Release|x86.ActiveCfg = Release|Win32
		{31D60A36-82B2-476C-81CD-CB4B22BF4B52}.Release|x86.Build.0 = Release|Win32
		{DFBD5C0F-BED4-4BD1-9C66-0BD82A9F5679}.Debug|x86.ActiveCfg = Debug|Win32
		{DFBD5C0F-BED4-4BD1-9C66-0BD82A9F5679}.Debug|x86.Build.0 = Debug|Win32
		{DFBD5C0F-BED4-4BD1-9C66-0BD82A9F5679}.Release|x86.ActiveCfg = Release|Win32
		{DFBD5C0F-BED4-4BD1-9C66-0BD82A9F5679}.Release|x86.Build.0 = Release|Win32
		{9C8D5D7A-A464-4038-A95B-B391A539E11E}.Debug|x86.ActiveCfg = Debug|x86
		{9C8D5D7A-A464-4038-A95B-B391A539E11E}.Debug|x86.Build.0 = Debug|x86
		{9C8D5D7A-A464-4038-A95B-B391A539E11E}.Release|x86.ActiveCfg = Release|x86
		{9C8D5D7A-A464-4038-A95B-B391A539E11E}.Release|x86.Build.0 = Release|x86
		{F0BED1D7-7EEC-40BF-95E0-C2F54C0577EE}.Debug|x86.ActiveCfg = Debug|Win32
		{F0BED1D7-7EEC-40BF-95E0-C2F54C0577EE}.Debug|x86.Build.0 = Debug|Win32
		{F0BED1D7-7EEC-40BF-95E0-C2F54C0577EE}.Release|x86.ActiveCfg = Release|Win32
		{F0BED1D7-7EEC-40BF-95E0-C2F54C0577EE}.Release|x86.Build.0 = Release|Win32
		{7B0C91B6-8828-454E-BB91-CE379B2EFB1C}.Debug|x86.ActiveCfg = Debug|x86
		{7B0C91B6-8828-454E-BB91-CE379B2EFB1C}.Debug|x86.Build.0 = Debug|x86
		{7B0C91B6-8828-454E-BB91-CE379B2EFB1C}.Release|x86.ActiveCfg = Release|x86
		{7B0C91B6-8828-454E-BB91-CE379B2EFB1C}.Release|x86.Build.0 = Release|x86
		{64998F61-656F-4B85-8CA2-4DDBAC20EFA3}.Debug|x86.ActiveCfg = Debug|x86
		{64998F61-656F-4B85-8CA2-4DDBAC20EFA3}.Debug|x86.Build.0 = Debug|x86
		{64998F61-656F-4B85-8CA2-4DDBAC20EFA3}.Release|x86.ActiveCfg = Release|x86
		{64998F61-656F-4B85-8CA2-4DDBAC20EFA3}.Release|x86.Build.0 = Release|x86
		{3CFADCE4-3F2B-4D20-BE03-5E6EAE15173E}.Debug|x86.ActiveCfg = Debug|Win32
		{3CFADCE4-3F2B-4D20-BE03-5E6EAE15173E}.Debug|x86.Build.0 = Debug|Win32
		{3CFADCE4-3F2B-4D20-BE03-5E6EAE15173E}.Release|x86.ActiveCfg = Release|Win32
		{3CFADCE4-3F2B-4D20-BE03-5E6EAE15173E}.Release|x86.Build.0 = Release|Win32
		{8D2941B3-6B8F-428D-AE9C-B06AFCBC96AB}.Debug|x86.ActiveCfg = Debug|Win32
		{8D2941B3-6B8F-428D-AE9C-B06AFCBC96AB}.Debug|x86.Build.0 = Debug|Win32
		{8D2941B3-6B8F-428D-AE9C-B06AFCBC96AB}.Release|x86.ActiveCfg = Release|Win32
		{8D2941B3-6B8F-428D-AE9C-B06AFCBC96AB}.Release|x86.Build.0 = Release|Win32
		{E348F308-37DD-45ED-9DCB-69DF826AA14D}.Debug|x86.ActiveCfg = Debug|Win32
		{E348F308-37DD-45ED-9DCB-69DF826AA14D}.Debug|x86.Build.0 = Debug|Win32
		{E348F308-37DD-45ED-9DCB-69DF826AA14D}.Release|x86.ActiveCfg = Release|Win32
		{E348F308-37DD-45ED-9DCB-69DF826AA14D}.Release|x86.Build.0 = Release|Win32
		{8CD25FEC-1DC6-4752-969B-5F20DF7283A3}.Debug|x86.ActiveCfg = Debug|x86
		{8CD25FEC-1DC6-4752-969B-5F20DF7283A3}.Debug|x86.Build.0 = Debug|x86
		{8CD25FEC-1DC6-4752-969B-5F20DF7283A3}.Release|x86.ActiveCfg = Release|x86
		{8CD25FEC-1DC6-4752-969B-5F20DF7283A3}.Release|x86.Build.0 = Release|x86
		{92F0884F-2FA9-4ADF-B378-70AD83612AF3}.Debug|x86.ActiveCfg = Debug|Win32
		{92F0884F-2FA9-4ADF-B378-70AD83612AF3}.Debug|x86.Build.0 = Debug|Win32
		{92F0884F-2FA9-4ADF-B378-70AD83612AF3}.Release|x86.ActiveCfg = Release|Win32
		{92F0884F-2FA9-4ADF-B378-70AD83612AF3}.Release|x86.Build.0 = Release|Win32
		{296D7E95-6899-47A2-BF45-E3457EC77C39}.Debug|x86.ActiveCfg = Debug|Win32
		{296D7E95-6899-47A2-BF45-E3457EC77C39}.Debug|x86.Build.0 = Debug|Win32
		{296D7E95-6899-47A2-BF45-E3457EC77C39}.Release|x86.ActiveCfg = Release|Win32
		{296D7E95-6899-47A2-BF45-E3457EC77C39}.Release|x86.Build.0 = Release|Win32
		{F4C4577E-DA55-4B56-99EB-52E48BD9F5F7}.Debug|x86.ActiveCfg = Debug|Win32
		{F4C4577E-DA55-4B56-99EB-52E48BD9F5F7}.Debug|x86.Build.0 = Debug|Win32
		{F4C4577E-DA55-4B56-99EB-52E48BD9F5F7}.Release|x86.ActiveCfg = Release|Win32
		{F4C4577E-DA55-4B56-99EB-52E48BD9F5F7}.Release|x86.Build.0 = Release|Win32
		{5E228F07-ACD6-45DA-9E6E-8E11FD81C1CB}.Debug|x86.ActiveCfg = Debug|Win32
		{5E228F07-ACD6-45DA-9E6E-8E11FD81C1CB}.Debug|x86.Build.0 = Debug|Win32
		{5E228F07-ACD6-45DA-9E6E-8E11FD81C1CB}.Release|x86.ActiveCfg = Release|Win32
		{5E228F07-ACD6-45DA-9E6E-8E11FD81C1CB}.Release|x86.Build.0 = Release|Win32
		{82EB1689-2CD9-4251-9B8E-72911CC55486}.Debug|x86.ActiveCfg = Debug|x86
		{82EB1689-2CD9-4251-9B8E-72911CC55486}.Debug|x86.Build.0 = Debug|x86
		{82EB1689-2CD9-4251-9B8E-72911CC55486}.Release|x86.ActiveCfg = Release|x86
		{82EB1689-2CD9-4251-9B8E-72911CC55486}.Release|x86.Build.0 = Release|x86
		{9B15AB83-0E6F-41EF-87CC-CDAC4FB93B5B}.Debug|x86.ActiveCfg = Debug|Win32
		{9B15AB83-0E6F-41EF-87CC-CDAC4FB93B5B}.Debug|x86.Build.0 = Debug|Win32
		{9B15AB83-0E6F-41EF-87CC-CDAC4FB93B5B}.Release|x86.ActiveCfg = Release|Win32
		{9B15AB83-0E6F-41EF-87CC-CDAC4FB93B5B}.Release|x86.Build.0 = Release|Win32
		{1FC08142-A373-420D-812E-7BFF59DDC833}.Debug|x86.ActiveCfg = Debug|Win32
		{1FC08142-A373-420D-812E-7BFF59DDC833}.Debug|x86.Build.0 = Debug|Win32
		{1FC08142-A373-420D-812E-7BFF59DDC833}.Release|x86.ActiveCfg = Release|Win32
		{1FC08142-A373-420D-812E-7BFF59DDC833}.Release|x86.Build.0 = Release|Win32
	EndGlobalSection
	GlobalSection(SolutionProperties) = preSolution
		HideSolutionNode = FALSE
	EndGlobalSection
	GlobalSection(NestedProjects) = preSolution
		{C604AD24-F272-4A9F-B424-13E2DCE7E755} = {F8A0BA4E-CAD0-4C2E-8E96-5398842D7E7A}
		{31D60A36-82B2-476C-81CD-CB4B22BF4B52} = {5F3DDB62-36C6-4A5C-99D6-BFCBDE5683F8}
		{DFBD5C0F-BED4-4BD1-9C66-0BD82A9F5679} = {5F3DDB62-36C6-4A5C-99D6-BFCBDE5683F8}
		{9C8D5D7A-A464-4038-A95B-B391A539E11E} = {5F3DDB62-36C6-4A5C-99D6-BFCBDE5683F8}
		{F0BED1D7-7EEC-40BF-95E0-C2F54C0577EE} = {5F23958C-BB8A-4F77-B7A0-749CB5589C6B}
		{7B0C91B6-8828-454E-BB91-CE379B2EFB1C} = {5F23958C-BB8A-4F77-B7A0-749CB5589C6B}
		{64998F61-656F-4B85-8CA2-4DDBAC20EFA3} = {A8D4C389-DA8A-46F9-91D3-C2B50E7735B8}
		{3CFADCE4-3F2B-4D20-BE03-5E6EAE15173E} = {A8D4C389-DA8A-46F9-91D3-C2B50E7735B8}
		{8D2941B3-6B8F-428D-AE9C-B06AFCBC96AB} = {7FA75929-3017-4FC3-9B9E-540A4B842271}
		{E348F308-37DD-45ED-9DCB-69DF826AA14D} = {7FA75929-3017-4FC3-9B9E-540A4B842271}
		{8CD25FEC-1DC6-4752-969B-5F20DF7283A3} = {7FA75929-3017-4FC3-9B9E-540A4B842271}
		{92F0884F-2FA9-4ADF-B378-70AD83612AF3} = {A7BAF44F-E610-4C19-9E70-0B767013FCD8}
		{296D7E95-6899-47A2-BF45-E3457EC77C39} = {A7BAF44F-E610-4C19-9E70-0B767013FCD8}
		{F4C4577E-DA55-4B56-99EB-52E48BD9F5F7} = {A7BAF44F-E610-4C19-9E70-0B767013FCD8}
		{5E228F07-ACD6-45DA-9E6E-8E11FD81C1CB} = {A7BAF44F-E610-4C19-9E70-0B767013FCD8}
		{82EB1689-2CD9-4251-9B8E-72911CC55486} = {34951821-528F-42DA-BBA5-B33BEB072733}
		{9B15AB83-0E6F-41EF-87CC-CDAC4FB93B5B} = {34951821-528F-42DA-BBA5-B33BEB072733}
		{1FC08142-A373-420D-812E-7BFF59DDC833} = {34951821-528F-42DA-BBA5-B33BEB072733}
	EndGlobalSection
EndGlobal
