
Microsoft Visual Studio Solution File, Format Version 9.00
# Visual Studio 2005
Project("{2150E333-8FDC-42A3-9474-1A3956D46DE8}") = "Chapter 1.2", "Chapter 1.2", "{F6F57D85-0ABF-4444-90B2-84B119B935EF}"
EndProject
Project("{2150E333-8FDC-42A3-9474-1A3956D46DE8}") = "Chapter 1.4", "Chapter 1.4", "{FBE936E7-7B17-4AA2-9F0F-CD33ED1B39EC}"
EndProject
Project("{2150E333-8FDC-42A3-9474-1A3956D46DE8}") = "Chapter 1.5", "Chapter 1.5", "{C96FC6B0-2418-4A61-8E0D-450A6F12867D}"
EndProject
Project("{FAE04EC0-301F-11D3-BF4B-00C04F79EFBC}") = "CallingConventionDemo", "Chapter 1.5\CallingConvention\CallingConventionDemo.csproj", "{81084617-F7F8-4BA5-8688-F7764BF7C5F7}"
EndProject
Project("{2150E333-8FDC-42A3-9474-1A3956D46DE8}") = "Chapter 1.6", "Chapter 1.6", "{7231F8E8-86AD-4361-B3E6-C93045D2E864}"
EndProject
Project("{FAE04EC0-301F-11D3-BF4B-00C04F79EFBC}") = "EntryPointDemo", "Chapter 1.6\EntryPointDemo\EntryPointDemo.csproj", "{55B003CB-2D7A-4FA4-A4DD-A0035F5FF3BE}"
	ProjectSection(ProjectDependencies) = postProject
		{66B6CDDE-481C-44C4-9606-D8A03FDE7CE1} = {66B6CDDE-481C-44C4-9606-D8A03FDE7CE1}
	EndProjectSection
EndProject
Project("{2150E333-8FDC-42A3-9474-1A3956D46DE8}") = "Chapter 1.7", "Chapter 1.7", "{AE6C91F9-8F8E-44C6-B328-2C9F84D5EA60}"
EndProject
Project("{FAE04EC0-301F-11D3-BF4B-00C04F79EFBC}") = "CharSetDemo", "Chapter 1.7\CharSetDemo\CharSetDemo.csproj", "{399356E8-DBB9-445D-AD97-53FDE90D7EB1}"
	ProjectSection(ProjectDependencies) = postProject
		{66B6CDDE-481C-44C4-9606-D8A03FDE7CE1} = {66B6CDDE-481C-44C4-9606-D8A03FDE7CE1}
	EndProjectSection
EndProject
Project("{2150E333-8FDC-42A3-9474-1A3956D46DE8}") = "Chapter 1.8", "Chapter 1.8", "{D82D3840-E0E1-4D89-8119-773242A64381}"
EndProject
Project("{FAE04EC0-301F-11D3-BF4B-00C04F79EFBC}") = "ErrorHandling", "Chapter 1.8\ErrorHandling\ErrorHandling.csproj", "{24AF3F21-B04A-4062-896C-A8A2E208DEFA}"
	ProjectSection(ProjectDependencies) = postProject
		{66B6CDDE-481C-44C4-9606-D8A03FDE7CE1} = {66B6CDDE-481C-44C4-9606-D8A03FDE7CE1}
	EndProjectSection
EndProject
Project("{2150E333-8FDC-42A3-9474-1A3956D46DE8}") = "Chapter 1.9", "Chapter 1.9", "{461F0448-0852-4426-A508-EEABBB43BE46}"
EndProject
Project("{2150E333-8FDC-42A3-9474-1A3956D46DE8}") = "Chapter 1.10", "Chapter 1.10", "{28C3ABDF-4446-41FB-8139-D0641055577E}"
EndProject
Project("{FAE04EC0-301F-11D3-BF4B-00C04F79EFBC}") = "DynamicPInvoke", "Chapter 1.10\DynamicPInvoke\DynamicPInvoke.csproj", "{3C59F07E-102B-4C82-9B16-1C703C843118}"
	ProjectSection(ProjectDependencies) = postProject
		{0473C453-8BE6-4FF6-B52F-5226ABEE7481} = {0473C453-8BE6-4FF6-B52F-5226ABEE7481}
	EndProjectSection
EndProject
Project("{2150E333-8FDC-42A3-9474-1A3956D46DE8}") = "NativeLib", "NativeLib", "{AC668381-B220-4576-A51B-335AF8F81C50}"
EndProject
Project("{8BC9CEB8-8B4A-11D0-8D11-00A0C91BC942}") = "NativeLib", "NativeLib\NativeLib.vcproj", "{66B6CDDE-481C-44C4-9606-D8A03FDE7CE1}"
EndProject
Project("{8BC9CEB8-8B4A-11D0-8D11-00A0C91BC942}") = "NativeLibForDynamicPInvoke", "Chapter 1.10\NativeLibForDynamicPInvoke\NativeLibForDynamicPInvoke.vcproj", "{0473C453-8BE6-4FF6-B52F-5226ABEE7481}"
EndProject
Project("{FAE04EC0-301F-11D3-BF4B-00C04F79EFBC}") = "HelloWorld", "Chapter 1.2\HelloWorld\HelloWorld.csproj", "{5061A85F-C41E-4102-8EB2-D97A2831CA9D}"
EndProject
Project("{FAE04EC0-301F-11D3-BF4B-00C04F79EFBC}") = "ManagedMultiplyCaller", "Chapter 1.4\ManagedMultiplyCaller\ManagedMultiplyCaller.csproj", "{BCAFEB6D-2E0F-4AD3-9BC3-B97CA0CFCA13}"
EndProject
Project("{FAE04EC0-301F-11D3-BF4B-00C04F79EFBC}") = "FreeUnmanagedMemory", "Chapter 1.9\FreeUnmanagedMemory\FreeUnmanagedMemory.csproj", "{3DF69D0D-6A04-42AC-A228-66BD4B6FCA9B}"
	ProjectSection(ProjectDependencies) = postProject
		{66B6CDDE-481C-44C4-9606-D8A03FDE7CE1} = {66B6CDDE-481C-44C4-9606-D8A03FDE7CE1}
	EndProjectSection
EndProject
Project("{2150E333-8FDC-42A3-9474-1A3956D46DE8}") = "Chapter 1.11", "Chapter 1.11", "{3927514B-0D77-4BC7-AC64-7A85A7106897}"
EndProject
Project("{FAE04EC0-301F-11D3-BF4B-00C04F79EFBC}") = "ImprovePerformance", "Chapter 1.11\ImprovePerformance\ImprovePerformance.csproj", "{6DA7F4D9-6328-418A-A08E-C43957C58AF6}"
	ProjectSection(ProjectDependencies) = postProject
		{66B6CDDE-481C-44C4-9606-D8A03FDE7CE1} = {66B6CDDE-481C-44C4-9606-D8A03FDE7CE1}
	EndProjectSection
EndProject
Global
	GlobalSection(SolutionConfigurationPlatforms) = preSolution
		Debug|x86 = Debug|x86
		Release|x86 = Release|x86
	EndGlobalSection
	GlobalSection(ProjectConfigurationPlatforms) = postSolution
		{81084617-F7F8-4BA5-8688-F7764BF7C5F7}.Debug|x86.ActiveCfg = Debug|x86
		{81084617-F7F8-4BA5-8688-F7764BF7C5F7}.Debug|x86.Build.0 = Debug|x86
		{81084617-F7F8-4BA5-8688-F7764BF7C5F7}.Release|x86.ActiveCfg = Release|x86
		{81084617-F7F8-4BA5-8688-F7764BF7C5F7}.Release|x86.Build.0 = Release|x86
		{55B003CB-2D7A-4FA4-A4DD-A0035F5FF3BE}.Debug|x86.ActiveCfg = Debug|x86
		{55B003CB-2D7A-4FA4-A4DD-A0035F5FF3BE}.Debug|x86.Build.0 = Debug|x86
		{55B003CB-2D7A-4FA4-A4DD-A0035F5FF3BE}.Release|x86.ActiveCfg = Release|x86
		{55B003CB-2D7A-4FA4-A4DD-A0035F5FF3BE}.Release|x86.Build.0 = Release|x86
		{399356E8-DBB9-445D-AD97-53FDE90D7EB1}.Debug|x86.ActiveCfg = Debug|x86
		{399356E8-DBB9-445D-AD97-53FDE90D7EB1}.Debug|x86.Build.0 = Debug|x86
		{399356E8-DBB9-445D-AD97-53FDE90D7EB1}.Release|x86.ActiveCfg = Release|x86
		{399356E8-DBB9-445D-AD97-53FDE90D7EB1}.Release|x86.Build.0 = Release|x86
		{24AF3F21-B04A-4062-896C-A8A2E208DEFA}.Debug|x86.ActiveCfg = Debug|x86
		{24AF3F21-B04A-4062-896C-A8A2E208DEFA}.Debug|x86.Build.0 = Debug|x86
		{24AF3F21-B04A-4062-896C-A8A2E208DEFA}.Release|x86.ActiveCfg = Release|x86
		{24AF3F21-B04A-4062-896C-A8A2E208DEFA}.Release|x86.Build.0 = Release|x86
		{3C59F07E-102B-4C82-9B16-1C703C843118}.Debug|x86.ActiveCfg = Debug|x86
		{3C59F07E-102B-4C82-9B16-1C703C843118}.Debug|x86.Build.0 = Debug|x86
		{3C59F07E-102B-4C82-9B16-1C703C843118}.Release|x86.ActiveCfg = Release|x86
		{3C59F07E-102B-4C82-9B16-1C703C843118}.Release|x86.Build.0 = Release|x86
		{66B6CDDE-481C-44C4-9606-D8A03FDE7CE1}.Debug|x86.ActiveCfg = Debug|Win32
		{66B6CDDE-481C-44C4-9606-D8A03FDE7CE1}.Debug|x86.Build.0 = Debug|Win32
		{66B6CDDE-481C-44C4-9606-D8A03FDE7CE1}.Release|x86.ActiveCfg = Release|Win32
		{66B6CDDE-481C-44C4-9606-D8A03FDE7CE1}.Release|x86.Build.0 = Release|Win32
		{0473C453-8BE6-4FF6-B52F-5226ABEE7481}.Debug|x86.ActiveCfg = Debug|Win32
		{0473C453-8BE6-4FF6-B52F-5226ABEE7481}.Debug|x86.Build.0 = Debug|Win32
		{0473C453-8BE6-4FF6-B52F-5226ABEE7481}.Release|x86.ActiveCfg = Release|Win32
		{0473C453-8BE6-4FF6-B52F-5226ABEE7481}.Release|x86.Build.0 = Release|Win32
		{5061A85F-C41E-4102-8EB2-D97A2831CA9D}.Debug|x86.ActiveCfg = Debug|x86
		{5061A85F-C41E-4102-8EB2-D97A2831CA9D}.Debug|x86.Build.0 = Debug|x86
		{5061A85F-C41E-4102-8EB2-D97A2831CA9D}.Release|x86.ActiveCfg = Release|x86
		{5061A85F-C41E-4102-8EB2-D97A2831CA9D}.Release|x86.Build.0 = Release|x86
		{BCAFEB6D-2E0F-4AD3-9BC3-B97CA0CFCA13}.Debug|x86.ActiveCfg = Debug|x86
		{BCAFEB6D-2E0F-4AD3-9BC3-B97CA0CFCA13}.Debug|x86.Build.0 = Debug|x86
		{BCAFEB6D-2E0F-4AD3-9BC3-B97CA0CFCA13}.Release|x86.ActiveCfg = Release|x86
		{BCAFEB6D-2E0F-4AD3-9BC3-B97CA0CFCA13}.Release|x86.Build.0 = Release|x86
		{3DF69D0D-6A04-42AC-A228-66BD4B6FCA9B}.Debug|x86.ActiveCfg = Debug|x86
		{3DF69D0D-6A04-42AC-A228-66BD4B6FCA9B}.Debug|x86.Build.0 = Debug|x86
		{3DF69D0D-6A04-42AC-A228-66BD4B6FCA9B}.Release|x86.ActiveCfg = Release|x86
		{3DF69D0D-6A04-42AC-A228-66BD4B6FCA9B}.Release|x86.Build.0 = Release|x86
		{6DA7F4D9-6328-418A-A08E-C43957C58AF6}.Debug|x86.ActiveCfg = Debug|x86
		{6DA7F4D9-6328-418A-A08E-C43957C58AF6}.Debug|x86.Build.0 = Debug|x86
		{6DA7F4D9-6328-418A-A08E-C43957C58AF6}.Release|x86.ActiveCfg = Release|x86
		{6DA7F4D9-6328-418A-A08E-C43957C58AF6}.Release|x86.Build.0 = Release|x86
	EndGlobalSection
	GlobalSection(SolutionProperties) = preSolution
		HideSolutionNode = FALSE
	EndGlobalSection
	GlobalSection(NestedProjects) = preSolution
		{BCAFEB6D-2E0F-4AD3-9BC3-B97CA0CFCA13} = {FBE936E7-7B17-4AA2-9F0F-CD33ED1B39EC}
		{81084617-F7F8-4BA5-8688-F7764BF7C5F7} = {C96FC6B0-2418-4A61-8E0D-450A6F12867D}
		{55B003CB-2D7A-4FA4-A4DD-A0035F5FF3BE} = {7231F8E8-86AD-4361-B3E6-C93045D2E864}
		{5061A85F-C41E-4102-8EB2-D97A2831CA9D} = {F6F57D85-0ABF-4444-90B2-84B119B935EF}
		{399356E8-DBB9-445D-AD97-53FDE90D7EB1} = {AE6C91F9-8F8E-44C6-B328-2C9F84D5EA60}
		{24AF3F21-B04A-4062-896C-A8A2E208DEFA} = {D82D3840-E0E1-4D89-8119-773242A64381}
		{3DF69D0D-6A04-42AC-A228-66BD4B6FCA9B} = {461F0448-0852-4426-A508-EEABBB43BE46}
		{3C59F07E-102B-4C82-9B16-1C703C843118} = {28C3ABDF-4446-41FB-8139-D0641055577E}
		{66B6CDDE-481C-44C4-9606-D8A03FDE7CE1} = {AC668381-B220-4576-A51B-335AF8F81C50}
		{0473C453-8BE6-4FF6-B52F-5226ABEE7481} = {AC668381-B220-4576-A51B-335AF8F81C50}
		{6DA7F4D9-6328-418A-A08E-C43957C58AF6} = {3927514B-0D77-4BC7-AC64-7A85A7106897}
	EndGlobalSection
EndGlobal
