
Microsoft Visual Studio Solution File, Format Version 9.00
# Visual Studio 2005
Project("{FAE04EC0-301F-11D3-BF4B-00C04F79EFBC}") = "AnsiUnicodeSample", "Chapter 3.1\AnsiUnicodeSample\AnsiUnicodeSample.csproj", "{B697BEFB-693B-4AA2-ACD8-AF7BD5007F18}"
EndProject
Project("{FAE04EC0-301F-11D3-BF4B-00C04F79EFBC}") = "RetWin32ErrorCode", "Chapter 3.2\RetWin32ErrorCode\RetWin32ErrorCode.csproj", "{976D51AD-F0EF-4651-886A-33941BF7E931}"
EndProject
Project("{FAE04EC0-301F-11D3-BF4B-00C04F79EFBC}") = "HandlingWin32Callback", "Chapter 3.3\HandlingWin32Callback\HandlingWin32Callback.csproj", "{83961CF8-0A1C-4041-A9B4-5BFD387A5308}"
EndProject
Project("{FAE04EC0-301F-11D3-BF4B-00C04F79EFBC}") = "WindowsConstants", "Chapter 3.4\WindowsConstants\WindowsConstants.csproj", "{346120F1-6854-45C4-9CF4-7AB2C7552ACA}"
EndProject
Project("{2150E333-8FDC-42A3-9474-1A3956D46DE8}") = "Chapter 3.1", "Chapter 3.1", "{4EDA45B9-1D71-4506-80A1-EF2FD5244E58}"
EndProject
Project("{2150E333-8FDC-42A3-9474-1A3956D46DE8}") = "Chapter 3.2", "Chapter 3.2", "{4C987435-45B8-443F-B0E5-151118F27BC7}"
EndProject
Project("{2150E333-8FDC-42A3-9474-1A3956D46DE8}") = "Chapter 3.3", "Chapter 3.3", "{37428E45-2B3D-44A4-B49A-48621AAC4105}"
EndProject
Project("{2150E333-8FDC-42A3-9474-1A3956D46DE8}") = "Chapter 3.4", "Chapter 3.4", "{D4EA395B-7DF8-47C9-9C09-38A8A2413D96}"
EndProject
Project("{2150E333-8FDC-42A3-9474-1A3956D46DE8}") = "Chapter 3.6", "Chapter 3.6", "{8DD175E5-8167-45AA-B4B5-B1CCF6622396}"
EndProject
Project("{FAE04EC0-301F-11D3-BF4B-00C04F79EFBC}") = "Handles", "Chapter 3.6\Handles\Handles.csproj", "{57ABE73E-6330-4763-AEAD-E6936F75F231}"
EndProject
Project("{2150E333-8FDC-42A3-9474-1A3956D46DE8}") = "Chapter 3.7", "Chapter 3.7", "{F7392FFA-7122-43A8-9512-7790EC141E78}"
EndProject
Project("{FAE04EC0-301F-11D3-BF4B-00C04F79EFBC}") = "PassManagedObject", "Chapter 3.7\PassManagedObject\PassManagedObject.csproj", "{297251E0-8B9A-477C-A21B-90310782F530}"
EndProject
Project("{2150E333-8FDC-42A3-9474-1A3956D46DE8}") = "Chapter 3.8", "Chapter 3.8", "{63F7D561-3A51-4DA0-9E96-FFCE4AD93A7C}"
EndProject
Project("{FAE04EC0-301F-11D3-BF4B-00C04F79EFBC}") = "PInvokeBestPractice", "Chapter 3.8\PInvokeBestPractice\PInvokeBestPractice.csproj", "{0242FCBE-3BCE-466E-AAF0-90A3619FD4B3}"
EndProject
Project("{FAE04EC0-301F-11D3-BF4B-00C04F79EFBC}") = "DotNetVersionOfWin32", "Chapter 3.8\DotNetVersionOfWin32\DotNetVersionOfWin32.csproj", "{6D697792-22EC-4346-914B-C1AA34595CF1}"
EndProject
Global
	GlobalSection(SolutionConfigurationPlatforms) = preSolution
		Debug|x86 = Debug|x86
		Release|x86 = Release|x86
	EndGlobalSection
	GlobalSection(ProjectConfigurationPlatforms) = postSolution
		{B697BEFB-693B-4AA2-ACD8-AF7BD5007F18}.Debug|x86.ActiveCfg = Release|x86
		{B697BEFB-693B-4AA2-ACD8-AF7BD5007F18}.Debug|x86.Build.0 = Release|x86
		{B697BEFB-693B-4AA2-ACD8-AF7BD5007F18}.Release|x86.ActiveCfg = Release|x86
		{B697BEFB-693B-4AA2-ACD8-AF7BD5007F18}.Release|x86.Build.0 = Release|x86
		{976D51AD-F0EF-4651-886A-33941BF7E931}.Debug|x86.ActiveCfg = Debug|x86
		{976D51AD-F0EF-4651-886A-33941BF7E931}.Debug|x86.Build.0 = Debug|x86
		{976D51AD-F0EF-4651-886A-33941BF7E931}.Release|x86.ActiveCfg = Release|x86
		{976D51AD-F0EF-4651-886A-33941BF7E931}.Release|x86.Build.0 = Release|x86
		{83961CF8-0A1C-4041-A9B4-5BFD387A5308}.Debug|x86.ActiveCfg = Debug|x86
		{83961CF8-0A1C-4041-A9B4-5BFD387A5308}.Debug|x86.Build.0 = Debug|x86
		{83961CF8-0A1C-4041-A9B4-5BFD387A5308}.Release|x86.ActiveCfg = Release|x86
		{83961CF8-0A1C-4041-A9B4-5BFD387A5308}.Release|x86.Build.0 = Release|x86
		{346120F1-6854-45C4-9CF4-7AB2C7552ACA}.Debug|x86.ActiveCfg = Debug|x86
		{346120F1-6854-45C4-9CF4-7AB2C7552ACA}.Debug|x86.Build.0 = Debug|x86
		{346120F1-6854-45C4-9CF4-7AB2C7552ACA}.Release|x86.ActiveCfg = Release|x86
		{346120F1-6854-45C4-9CF4-7AB2C7552ACA}.Release|x86.Build.0 = Release|x86
		{57ABE73E-6330-4763-AEAD-E6936F75F231}.Debug|x86.ActiveCfg = Debug|x86
		{57ABE73E-6330-4763-AEAD-E6936F75F231}.Debug|x86.Build.0 = Debug|x86
		{57ABE73E-6330-4763-AEAD-E6936F75F231}.Release|x86.ActiveCfg = Release|x86
		{57ABE73E-6330-4763-AEAD-E6936F75F231}.Release|x86.Build.0 = Release|x86
		{297251E0-8B9A-477C-A21B-90310782F530}.Debug|x86.ActiveCfg = Debug|x86
		{297251E0-8B9A-477C-A21B-90310782F530}.Debug|x86.Build.0 = Debug|x86
		{297251E0-8B9A-477C-A21B-90310782F530}.Release|x86.ActiveCfg = Release|x86
		{297251E0-8B9A-477C-A21B-90310782F530}.Release|x86.Build.0 = Release|x86
		{0242FCBE-3BCE-466E-AAF0-90A3619FD4B3}.Debug|x86.ActiveCfg = Debug|x86
		{0242FCBE-3BCE-466E-AAF0-90A3619FD4B3}.Debug|x86.Build.0 = Debug|x86
		{0242FCBE-3BCE-466E-AAF0-90A3619FD4B3}.Release|x86.ActiveCfg = Release|x86
		{0242FCBE-3BCE-466E-AAF0-90A3619FD4B3}.Release|x86.Build.0 = Release|x86
		{6D697792-22EC-4346-914B-C1AA34595CF1}.Debug|x86.ActiveCfg = Debug|x86
		{6D697792-22EC-4346-914B-C1AA34595CF1}.Debug|x86.Build.0 = Debug|x86
		{6D697792-22EC-4346-914B-C1AA34595CF1}.Release|x86.ActiveCfg = Release|x86
		{6D697792-22EC-4346-914B-C1AA34595CF1}.Release|x86.Build.0 = Release|x86
	EndGlobalSection
	GlobalSection(SolutionProperties) = preSolution
		HideSolutionNode = FALSE
	EndGlobalSection
	GlobalSection(NestedProjects) = preSolution
		{976D51AD-F0EF-4651-886A-33941BF7E931} = {4C987435-45B8-443F-B0E5-151118F27BC7}
		{83961CF8-0A1C-4041-A9B4-5BFD387A5308} = {37428E45-2B3D-44A4-B49A-48621AAC4105}
		{346120F1-6854-45C4-9CF4-7AB2C7552ACA} = {D4EA395B-7DF8-47C9-9C09-38A8A2413D96}
		{B697BEFB-693B-4AA2-ACD8-AF7BD5007F18} = {4EDA45B9-1D71-4506-80A1-EF2FD5244E58}
		{57ABE73E-6330-4763-AEAD-E6936F75F231} = {8DD175E5-8167-45AA-B4B5-B1CCF6622396}
		{297251E0-8B9A-477C-A21B-90310782F530} = {F7392FFA-7122-43A8-9512-7790EC141E78}
		{0242FCBE-3BCE-466E-AAF0-90A3619FD4B3} = {63F7D561-3A51-4DA0-9E96-FFCE4AD93A7C}
		{6D697792-22EC-4346-914B-C1AA34595CF1} = {63F7D561-3A51-4DA0-9E96-FFCE4AD93A7C}
	EndGlobalSection
EndGlobal
