
Microsoft Visual Studio Solution File, Format Version 9.00
# Visual Studio 2005
Project("{8BC9CEB8-8B4A-11D0-8D11-00A0C91BC942}") = "SampleCOMSimple", "SampleCOMSimple\SampleCOMSimple.vcproj", "{2BBB2352-3549-4A92-AA05-0D5A73421BC0}"
EndProject
Project("{2150E333-8FDC-42A3-9474-1A3956D46DE8}") = "Chapter 5.1", "Chapter 5.1", "{297D8452-065B-4C8D-97FA-AE6D78BD7447}"
EndProject
Project("{FAE04EC0-301F-11D3-BF4B-00C04F79EFBC}") = "COMCalculatorClient", "Chapter 5.1\COMCalculatorClient\COMCalculatorClient.csproj", "{476A02FB-DBB6-4006-B0C1-EEBAE987BA7F}"
	ProjectSection(ProjectDependencies) = postProject
		{2BBB2352-3549-4A92-AA05-0D5A73421BC0} = {2BBB2352-3549-4A92-AA05-0D5A73421BC0}
	EndProjectSection
EndProject
Project("{2150E333-8FDC-42A3-9474-1A3956D46DE8}") = "Chapter 5.2", "Chapter 5.2", "{88B547F2-44A6-4D98-846A-FA1191418940}"
EndProject
Project("{FAE04EC0-301F-11D3-BF4B-00C04F79EFBC}") = "COMLateBinding", "Chapter 5.2\COMLateBinding\COMLateBinding.csproj", "{9F4A2D96-C269-4F9A-8A6F-B9EEF7694391}"
	ProjectSection(ProjectDependencies) = postProject
		{2BBB2352-3549-4A92-AA05-0D5A73421BC0} = {2BBB2352-3549-4A92-AA05-0D5A73421BC0}
	EndProjectSection
EndProject
Project("{2150E333-8FDC-42A3-9474-1A3956D46DE8}") = "Chapter 5.3", "Chapter 5.3", "{28D225DD-F835-4ED1-A6EA-0D5C0BBDB8D1}"
EndProject
Project("{2150E333-8FDC-42A3-9474-1A3956D46DE8}") = "Chapter 5.4", "Chapter 5.4", "{5B1FC84A-0348-471C-8FE9-2E558BA99D81}"
EndProject
Project("{2150E333-8FDC-42A3-9474-1A3956D46DE8}") = "Chapter 5.5", "Chapter 5.5", "{D9A36F89-A87B-4E51-9437-62A2E27D061F}"
EndProject
Project("{2150E333-8FDC-42A3-9474-1A3956D46DE8}") = "Chapter 5.6", "Chapter 5.6", "{58B98243-BB89-4741-9E30-02CAA23B9D13}"
EndProject
Project("{8BC9CEB8-8B4A-11D0-8D11-00A0C91BC942}") = "MCppCOMWrapper", "Chapter 5.3\MCppCOMWrapper\MCppCOMWrapper.vcproj", "{1BAFD24F-B3BF-427E-9FD8-78796041A5A6}"
	ProjectSection(ProjectDependencies) = postProject
		{2BBB2352-3549-4A92-AA05-0D5A73421BC0} = {2BBB2352-3549-4A92-AA05-0D5A73421BC0}
	EndProjectSection
EndProject
Project("{FAE04EC0-301F-11D3-BF4B-00C04F79EFBC}") = "UseMCppCOMWrapper", "Chapter 5.3\UseMCppCOMWrapper\UseMCppCOMWrapper.csproj", "{59AB2E20-BABB-4AAA-8EAD-C68B1168AED8}"
EndProject
Project("{FAE04EC0-301F-11D3-BF4B-00C04F79EFBC}") = "COMThreadApartment", "Chapter 5.6\COMThreadApartment\COMThreadApartment.csproj", "{F866FC55-63DF-4DD1-BEBB-79CFD2B392E0}"
	ProjectSection(ProjectDependencies) = postProject
		{2BBB2352-3549-4A92-AA05-0D5A73421BC0} = {2BBB2352-3549-4A92-AA05-0D5A73421BC0}
	EndProjectSection
EndProject
Project("{FAE04EC0-301F-11D3-BF4B-00C04F79EFBC}") = "ReleaseCOMObject", "Chapter 5.6\ReleaseCOMObject\ReleaseCOMObject.csproj", "{1A2085B7-E874-4834-8C8D-CF0C55BD87EF}"
	ProjectSection(ProjectDependencies) = postProject
		{2BBB2352-3549-4A92-AA05-0D5A73421BC0} = {2BBB2352-3549-4A92-AA05-0D5A73421BC0}
	EndProjectSection
EndProject
Project("{8BC9CEB8-8B4A-11D0-8D11-00A0C91BC942}") = "SampleCOMErrorResult", "Chapter 5.5\SampleCOMErrorResult\SampleCOMErrorResult.vcproj", "{C1391921-5B86-40E8-9553-CBFCC938210C}"
EndProject
Project("{8BC9CEB8-8B4A-11D0-8D11-00A0C91BC942}") = "SampleCOMErrorInfo", "Chapter 5.5\SampleCOMErrorInfo\SampleCOMErrorInfo.vcproj", "{4D3DE372-2309-4A3D-BC92-0DC62B220C7F}"
EndProject
Project("{FAE04EC0-301F-11D3-BF4B-00C04F79EFBC}") = "COMMarshalErrorInfo", "Chapter 5.5\COMMarshalErrorInfo\COMMarshalErrorInfo.csproj", "{66FD7D49-06C7-4A10-9342-3CB4F6D50B88}"
	ProjectSection(ProjectDependencies) = postProject
		{4D3DE372-2309-4A3D-BC92-0DC62B220C7F} = {4D3DE372-2309-4A3D-BC92-0DC62B220C7F}
	EndProjectSection
EndProject
Project("{FAE04EC0-301F-11D3-BF4B-00C04F79EFBC}") = "COMMarshalHRESULT", "Chapter 5.5\COMMarshalHRESULT\COMMarshalHRESULT.csproj", "{46E6F0E9-5229-4458-A35A-9D01B96233E2}"
	ProjectSection(ProjectDependencies) = postProject
		{C1391921-5B86-40E8-9553-CBFCC938210C} = {C1391921-5B86-40E8-9553-CBFCC938210C}
	EndProjectSection
EndProject
Project("{FAE04EC0-301F-11D3-BF4B-00C04F79EFBC}") = "COMMarshalCollection", "Chapter 5.4\COMMarshalCollection\COMMarshalCollection.csproj", "{453A7A9F-D875-4C7A-9B8C-9FE4FD7F3F1E}"
	ProjectSection(ProjectDependencies) = postProject
		{4D0F385D-0703-4792-99A2-0AB135B7220A} = {4D0F385D-0703-4792-99A2-0AB135B7220A}
	EndProjectSection
EndProject
Project("{FAE04EC0-301F-11D3-BF4B-00C04F79EFBC}") = "COMMarshalCStyleArray", "Chapter 5.4\COMMarshalCStyleArray\COMMarshalCStyleArray.csproj", "{D5030ABB-E8C9-44B4-9248-2D1F5421E049}"
	ProjectSection(ProjectDependencies) = postProject
		{C0DFD63E-4062-49F8-B570-3FF54CFC896F} = {C0DFD63E-4062-49F8-B570-3FF54CFC896F}
	EndProjectSection
EndProject
Project("{FAE04EC0-301F-11D3-BF4B-00C04F79EFBC}") = "COMMarshalData", "Chapter 5.4\COMMarshalData\COMMarshalData.csproj", "{88E29640-C2CB-44DD-82BF-3F3288178AB0}"
	ProjectSection(ProjectDependencies) = postProject
		{C0DFD63E-4062-49F8-B570-3FF54CFC896F} = {C0DFD63E-4062-49F8-B570-3FF54CFC896F}
	EndProjectSection
EndProject
Project("{FAE04EC0-301F-11D3-BF4B-00C04F79EFBC}") = "COMMarshalEvent", "Chapter 5.4\COMMarshalEvent\COMMarshalEvent.csproj", "{0C7FBB82-EE04-46B6-BC2E-13A3ADDD64FF}"
	ProjectSection(ProjectDependencies) = postProject
		{9E22264C-B543-4B36-9937-40A0EC109610} = {9E22264C-B543-4B36-9937-40A0EC109610}
	EndProjectSection
EndProject
Project("{FAE04EC0-301F-11D3-BF4B-00C04F79EFBC}") = "COMMarshalSafeArray", "Chapter 5.4\COMMarshalSafeArray\COMMarshalSafeArray.csproj", "{0CACFECF-D430-4289-ACE9-EBB4DFE822DA}"
	ProjectSection(ProjectDependencies) = postProject
		{C0DFD63E-4062-49F8-B570-3FF54CFC896F} = {C0DFD63E-4062-49F8-B570-3FF54CFC896F}
	EndProjectSection
EndProject
Project("{FAE04EC0-301F-11D3-BF4B-00C04F79EFBC}") = "COMMarshalStructure", "Chapter 5.4\COMMarshalStructure\COMMarshalStructure.csproj", "{C725EAEA-1D52-400D-A865-995C13CF9632}"
	ProjectSection(ProjectDependencies) = postProject
		{C0DFD63E-4062-49F8-B570-3FF54CFC896F} = {C0DFD63E-4062-49F8-B570-3FF54CFC896F}
	EndProjectSection
EndProject
Project("{FAE04EC0-301F-11D3-BF4B-00C04F79EFBC}") = "COMMarshalVariant", "Chapter 5.4\COMMarshalVariant\COMMarshalVariant.csproj", "{B5E3E16D-2A69-4FDD-9B60-DF1EB478714D}"
	ProjectSection(ProjectDependencies) = postProject
		{C0DFD63E-4062-49F8-B570-3FF54CFC896F} = {C0DFD63E-4062-49F8-B570-3FF54CFC896F}
	EndProjectSection
EndProject
Project("{8BC9CEB8-8B4A-11D0-8D11-00A0C91BC942}") = "SampleCOMCollection", "Chapter 5.4\SampleCOMCollection\SampleCOMCollection.vcproj", "{4D0F385D-0703-4792-99A2-0AB135B7220A}"
EndProject
Project("{8BC9CEB8-8B4A-11D0-8D11-00A0C91BC942}") = "SampleCOMDataType", "Chapter 5.4\SampleCOMDataType\SampleCOMDataType.vcproj", "{C0DFD63E-4062-49F8-B570-3FF54CFC896F}"
EndProject
Project("{8BC9CEB8-8B4A-11D0-8D11-00A0C91BC942}") = "SampleCOMEvent", "Chapter 5.4\SampleCOMEvent\SampleCOMEvent.vcproj", "{9E22264C-B543-4B36-9937-40A0EC109610}"
EndProject
Project("{FAE04EC0-301F-11D3-BF4B-00C04F79EFBC}") = "CreateInstanceByPInvoke", "Chapter 5.3\CreateInstanceByPInvoke\CreateInstanceByPInvoke.csproj", "{6462A2B4-F11C-4995-8DE3-50461A95E342}"
	ProjectSection(ProjectDependencies) = postProject
		{2BBB2352-3549-4A92-AA05-0D5A73421BC0} = {2BBB2352-3549-4A92-AA05-0D5A73421BC0}
	EndProjectSection
EndProject
Global
	GlobalSection(SolutionConfigurationPlatforms) = preSolution
		Debug|x86 = Debug|x86
		Release|x86 = Release|x86
	EndGlobalSection
	GlobalSection(ProjectConfigurationPlatforms) = postSolution
		{2BBB2352-3549-4A92-AA05-0D5A73421BC0}.Debug|x86.ActiveCfg = Debug|Win32
		{2BBB2352-3549-4A92-AA05-0D5A73421BC0}.Debug|x86.Build.0 = Debug|Win32
		{2BBB2352-3549-4A92-AA05-0D5A73421BC0}.Release|x86.ActiveCfg = Release|Win32
		{2BBB2352-3549-4A92-AA05-0D5A73421BC0}.Release|x86.Build.0 = Release|Win32
		{476A02FB-DBB6-4006-B0C1-EEBAE987BA7F}.Debug|x86.ActiveCfg = Debug|x86
		{476A02FB-DBB6-4006-B0C1-EEBAE987BA7F}.Debug|x86.Build.0 = Debug|x86
		{476A02FB-DBB6-4006-B0C1-EEBAE987BA7F}.Release|x86.ActiveCfg = Release|x86
		{476A02FB-DBB6-4006-B0C1-EEBAE987BA7F}.Release|x86.Build.0 = Release|x86
		{9F4A2D96-C269-4F9A-8A6F-B9EEF7694391}.Debug|x86.ActiveCfg = Debug|x86
		{9F4A2D96-C269-4F9A-8A6F-B9EEF7694391}.Debug|x86.Build.0 = Debug|x86
		{9F4A2D96-C269-4F9A-8A6F-B9EEF7694391}.Release|x86.ActiveCfg = Release|x86
		{9F4A2D96-C269-4F9A-8A6F-B9EEF7694391}.Release|x86.Build.0 = Release|x86
		{1BAFD24F-B3BF-427E-9FD8-78796041A5A6}.Debug|x86.ActiveCfg = Debug|Win32
		{1BAFD24F-B3BF-427E-9FD8-78796041A5A6}.Debug|x86.Build.0 = Debug|Win32
		{1BAFD24F-B3BF-427E-9FD8-78796041A5A6}.Release|x86.ActiveCfg = Release|Win32
		{1BAFD24F-B3BF-427E-9FD8-78796041A5A6}.Release|x86.Build.0 = Release|Win32
		{59AB2E20-BABB-4AAA-8EAD-C68B1168AED8}.Debug|x86.ActiveCfg = Debug|x86
		{59AB2E20-BABB-4AAA-8EAD-C68B1168AED8}.Debug|x86.Build.0 = Debug|x86
		{59AB2E20-BABB-4AAA-8EAD-C68B1168AED8}.Release|x86.ActiveCfg = Release|x86
		{59AB2E20-BABB-4AAA-8EAD-C68B1168AED8}.Release|x86.Build.0 = Release|x86
		{F866FC55-63DF-4DD1-BEBB-79CFD2B392E0}.Debug|x86.ActiveCfg = Debug|x86
		{F866FC55-63DF-4DD1-BEBB-79CFD2B392E0}.Debug|x86.Build.0 = Debug|x86
		{F866FC55-63DF-4DD1-BEBB-79CFD2B392E0}.Release|x86.ActiveCfg = Release|x86
		{F866FC55-63DF-4DD1-BEBB-79CFD2B392E0}.Release|x86.Build.0 = Release|x86
		{1A2085B7-E874-4834-8C8D-CF0C55BD87EF}.Debug|x86.ActiveCfg = Debug|x86
		{1A2085B7-E874-4834-8C8D-CF0C55BD87EF}.Debug|x86.Build.0 = Debug|x86
		{1A2085B7-E874-4834-8C8D-CF0C55BD87EF}.Release|x86.ActiveCfg = Release|x86
		{1A2085B7-E874-4834-8C8D-CF0C55BD87EF}.Release|x86.Build.0 = Release|x86
		{C1391921-5B86-40E8-9553-CBFCC938210C}.Debug|x86.ActiveCfg = Debug|Win32
		{C1391921-5B86-40E8-9553-CBFCC938210C}.Debug|x86.Build.0 = Debug|Win32
		{C1391921-5B86-40E8-9553-CBFCC938210C}.Release|x86.ActiveCfg = Release|Win32
		{C1391921-5B86-40E8-9553-CBFCC938210C}.Release|x86.Build.0 = Release|Win32
		{4D3DE372-2309-4A3D-BC92-0DC62B220C7F}.Debug|x86.ActiveCfg = Debug|Win32
		{4D3DE372-2309-4A3D-BC92-0DC62B220C7F}.Debug|x86.Build.0 = Debug|Win32
		{4D3DE372-2309-4A3D-BC92-0DC62B220C7F}.Release|x86.ActiveCfg = Release|Win32
		{4D3DE372-2309-4A3D-BC92-0DC62B220C7F}.Release|x86.Build.0 = Release|Win32
		{66FD7D49-06C7-4A10-9342-3CB4F6D50B88}.Debug|x86.ActiveCfg = Debug|x86
		{66FD7D49-06C7-4A10-9342-3CB4F6D50B88}.Debug|x86.Build.0 = Debug|x86
		{66FD7D49-06C7-4A10-9342-3CB4F6D50B88}.Release|x86.ActiveCfg = Release|x86
		{66FD7D49-06C7-4A10-9342-3CB4F6D50B88}.Release|x86.Build.0 = Release|x86
		{46E6F0E9-5229-4458-A35A-9D01B96233E2}.Debug|x86.ActiveCfg = Debug|x86
		{46E6F0E9-5229-4458-A35A-9D01B96233E2}.Debug|x86.Build.0 = Debug|x86
		{46E6F0E9-5229-4458-A35A-9D01B96233E2}.Release|x86.ActiveCfg = Release|x86
		{46E6F0E9-5229-4458-A35A-9D01B96233E2}.Release|x86.Build.0 = Release|x86
		{453A7A9F-D875-4C7A-9B8C-9FE4FD7F3F1E}.Debug|x86.ActiveCfg = Debug|x86
		{453A7A9F-D875-4C7A-9B8C-9FE4FD7F3F1E}.Debug|x86.Build.0 = Debug|x86
		{453A7A9F-D875-4C7A-9B8C-9FE4FD7F3F1E}.Release|x86.ActiveCfg = Release|x86
		{453A7A9F-D875-4C7A-9B8C-9FE4FD7F3F1E}.Release|x86.Build.0 = Release|x86
		{D5030ABB-E8C9-44B4-9248-2D1F5421E049}.Debug|x86.ActiveCfg = Debug|x86
		{D5030ABB-E8C9-44B4-9248-2D1F5421E049}.Debug|x86.Build.0 = Debug|x86
		{D5030ABB-E8C9-44B4-9248-2D1F5421E049}.Release|x86.ActiveCfg = Release|x86
		{D5030ABB-E8C9-44B4-9248-2D1F5421E049}.Release|x86.Build.0 = Release|x86
		{88E29640-C2CB-44DD-82BF-3F3288178AB0}.Debug|x86.ActiveCfg = Debug|x86
		{88E29640-C2CB-44DD-82BF-3F3288178AB0}.Debug|x86.Build.0 = Debug|x86
		{88E29640-C2CB-44DD-82BF-3F3288178AB0}.Release|x86.ActiveCfg = Release|x86
		{88E29640-C2CB-44DD-82BF-3F3288178AB0}.Release|x86.Build.0 = Release|x86
		{0C7FBB82-EE04-46B6-BC2E-13A3ADDD64FF}.Debug|x86.ActiveCfg = Debug|x86
		{0C7FBB82-EE04-46B6-BC2E-13A3ADDD64FF}.Debug|x86.Build.0 = Debug|x86
		{0C7FBB82-EE04-46B6-BC2E-13A3ADDD64FF}.Release|x86.ActiveCfg = Release|x86
		{0C7FBB82-EE04-46B6-BC2E-13A3ADDD64FF}.Release|x86.Build.0 = Release|x86
		{0CACFECF-D430-4289-ACE9-EBB4DFE822DA}.Debug|x86.ActiveCfg = Debug|x86
		{0CACFECF-D430-4289-ACE9-EBB4DFE822DA}.Debug|x86.Build.0 = Debug|x86
		{0CACFECF-D430-4289-ACE9-EBB4DFE822DA}.Release|x86.ActiveCfg = Release|x86
		{0CACFECF-D430-4289-ACE9-EBB4DFE822DA}.Release|x86.Build.0 = Release|x86
		{C725EAEA-1D52-400D-A865-995C13CF9632}.Debug|x86.ActiveCfg = Debug|x86
		{C725EAEA-1D52-400D-A865-995C13CF9632}.Debug|x86.Build.0 = Debug|x86
		{C725EAEA-1D52-400D-A865-995C13CF9632}.Release|x86.ActiveCfg = Release|x86
		{C725EAEA-1D52-400D-A865-995C13CF9632}.Release|x86.Build.0 = Release|x86
		{B5E3E16D-2A69-4FDD-9B60-DF1EB478714D}.Debug|x86.ActiveCfg = Debug|x86
		{B5E3E16D-2A69-4FDD-9B60-DF1EB478714D}.Debug|x86.Build.0 = Debug|x86
		{B5E3E16D-2A69-4FDD-9B60-DF1EB478714D}.Release|x86.ActiveCfg = Release|x86
		{B5E3E16D-2A69-4FDD-9B60-DF1EB478714D}.Release|x86.Build.0 = Release|x86
		{4D0F385D-0703-4792-99A2-0AB135B7220A}.Debug|x86.ActiveCfg = Debug|Win32
		{4D0F385D-0703-4792-99A2-0AB135B7220A}.Debug|x86.Build.0 = Debug|Win32
		{4D0F385D-0703-4792-99A2-0AB135B7220A}.Release|x86.ActiveCfg = Release|Win32
		{4D0F385D-0703-4792-99A2-0AB135B7220A}.Release|x86.Build.0 = Release|Win32
		{C0DFD63E-4062-49F8-B570-3FF54CFC896F}.Debug|x86.ActiveCfg = Debug|Win32
		{C0DFD63E-4062-49F8-B570-3FF54CFC896F}.Debug|x86.Build.0 = Debug|Win32
		{C0DFD63E-4062-49F8-B570-3FF54CFC896F}.Release|x86.ActiveCfg = Release|Win32
		{C0DFD63E-4062-49F8-B570-3FF54CFC896F}.Release|x86.Build.0 = Release|Win32
		{9E22264C-B543-4B36-9937-40A0EC109610}.Debug|x86.ActiveCfg = Debug|Win32
		{9E22264C-B543-4B36-9937-40A0EC109610}.Debug|x86.Build.0 = Debug|Win32
		{9E22264C-B543-4B36-9937-40A0EC109610}.Release|x86.ActiveCfg = Release|Win32
		{9E22264C-B543-4B36-9937-40A0EC109610}.Release|x86.Build.0 = Release|Win32
		{6462A2B4-F11C-4995-8DE3-50461A95E342}.Debug|x86.ActiveCfg = Debug|x86
		{6462A2B4-F11C-4995-8DE3-50461A95E342}.Debug|x86.Build.0 = Debug|x86
		{6462A2B4-F11C-4995-8DE3-50461A95E342}.Release|x86.ActiveCfg = Release|x86
		{6462A2B4-F11C-4995-8DE3-50461A95E342}.Release|x86.Build.0 = Release|x86
	EndGlobalSection
	GlobalSection(SolutionProperties) = preSolution
		HideSolutionNode = FALSE
	EndGlobalSection
	GlobalSection(NestedProjects) = preSolution
		{476A02FB-DBB6-4006-B0C1-EEBAE987BA7F} = {297D8452-065B-4C8D-97FA-AE6D78BD7447}
		{9F4A2D96-C269-4F9A-8A6F-B9EEF7694391} = {88B547F2-44A6-4D98-846A-FA1191418940}
		{1BAFD24F-B3BF-427E-9FD8-78796041A5A6} = {28D225DD-F835-4ED1-A6EA-0D5C0BBDB8D1}
		{59AB2E20-BABB-4AAA-8EAD-C68B1168AED8} = {28D225DD-F835-4ED1-A6EA-0D5C0BBDB8D1}
		{6462A2B4-F11C-4995-8DE3-50461A95E342} = {28D225DD-F835-4ED1-A6EA-0D5C0BBDB8D1}
		{453A7A9F-D875-4C7A-9B8C-9FE4FD7F3F1E} = {5B1FC84A-0348-471C-8FE9-2E558BA99D81}
		{D5030ABB-E8C9-44B4-9248-2D1F5421E049} = {5B1FC84A-0348-471C-8FE9-2E558BA99D81}
		{88E29640-C2CB-44DD-82BF-3F3288178AB0} = {5B1FC84A-0348-471C-8FE9-2E558BA99D81}
		{0C7FBB82-EE04-46B6-BC2E-13A3ADDD64FF} = {5B1FC84A-0348-471C-8FE9-2E558BA99D81}
		{0CACFECF-D430-4289-ACE9-EBB4DFE822DA} = {5B1FC84A-0348-471C-8FE9-2E558BA99D81}
		{C725EAEA-1D52-400D-A865-995C13CF9632} = {5B1FC84A-0348-471C-8FE9-2E558BA99D81}
		{B5E3E16D-2A69-4FDD-9B60-DF1EB478714D} = {5B1FC84A-0348-471C-8FE9-2E558BA99D81}
		{4D0F385D-0703-4792-99A2-0AB135B7220A} = {5B1FC84A-0348-471C-8FE9-2E558BA99D81}
		{C0DFD63E-4062-49F8-B570-3FF54CFC896F} = {5B1FC84A-0348-471C-8FE9-2E558BA99D81}
		{9E22264C-B543-4B36-9937-40A0EC109610} = {5B1FC84A-0348-471C-8FE9-2E558BA99D81}
		{C1391921-5B86-40E8-9553-CBFCC938210C} = {D9A36F89-A87B-4E51-9437-62A2E27D061F}
		{4D3DE372-2309-4A3D-BC92-0DC62B220C7F} = {D9A36F89-A87B-4E51-9437-62A2E27D061F}
		{66FD7D49-06C7-4A10-9342-3CB4F6D50B88} = {D9A36F89-A87B-4E51-9437-62A2E27D061F}
		{46E6F0E9-5229-4458-A35A-9D01B96233E2} = {D9A36F89-A87B-4E51-9437-62A2E27D061F}
		{F866FC55-63DF-4DD1-BEBB-79CFD2B392E0} = {58B98243-BB89-4741-9E30-02CAA23B9D13}
		{1A2085B7-E874-4834-8C8D-CF0C55BD87EF} = {58B98243-BB89-4741-9E30-02CAA23B9D13}
	EndGlobalSection
EndGlobal
