
Microsoft Visual Studio Solution File, Format Version 9.00
# Visual Studio 2005
Project("{2150E333-8FDC-42A3-9474-1A3956D46DE8}") = "Chapter 2.1", "Chapter 2.1", "{175C7334-BAD1-4AA5-8187-6158B7F761C7}"
EndProject
Project("{FAE04EC0-301F-11D3-BF4B-00C04F79EFBC}") = "MarshalString", "Chapter 2.1\MarshalString\MarshalString.csproj", "{2F4D6FB0-3A74-4FAC-8020-5704A299466A}"
	ProjectSection(ProjectDependencies) = postProject
		{015F8C64-D47E-46C9-9D2F-78DC1CCEE8F7} = {015F8C64-D47E-46C9-9D2F-78DC1CCEE8F7}
	EndProjectSection
EndProject
Project("{2150E333-8FDC-42A3-9474-1A3956D46DE8}") = "Chapter 2.2", "Chapter 2.2", "{C51AE47A-A83A-4F65-BC27-BC1A24A04ADD}"
EndProject
Project("{FAE04EC0-301F-11D3-BF4B-00C04F79EFBC}") = "MarshalStruct_Argument", "Chapter 2.2\MarshalStruct_Argument\MarshalStruct_Argument.csproj", "{136F1A41-8CCB-4FB0-956A-BFE114BE69E6}"
	ProjectSection(ProjectDependencies) = postProject
		{015F8C64-D47E-46C9-9D2F-78DC1CCEE8F7} = {015F8C64-D47E-46C9-9D2F-78DC1CCEE8F7}
	EndProjectSection
EndProject
Project("{2150E333-8FDC-42A3-9474-1A3956D46DE8}") = "Chapter 2.3", "Chapter 2.3", "{A62D0402-4C13-469B-9066-E21A21096FC5}"
EndProject
Project("{FAE04EC0-301F-11D3-BF4B-00C04F79EFBC}") = "MarshalStruct_ReturnValue", "Chapter 2.3\MarshalStruct_ReturnValue\MarshalStruct_ReturnValue.csproj", "{AFACDF55-34C0-499C-9916-FCEF0D258572}"
	ProjectSection(ProjectDependencies) = postProject
		{015F8C64-D47E-46C9-9D2F-78DC1CCEE8F7} = {015F8C64-D47E-46C9-9D2F-78DC1CCEE8F7}
	EndProjectSection
EndProject
Project("{2150E333-8FDC-42A3-9474-1A3956D46DE8}") = "Chapter 2.4", "Chapter 2.4", "{12B556A7-1596-4821-8598-B29028980164}"
EndProject
Project("{FAE04EC0-301F-11D3-BF4B-00C04F79EFBC}") = "MarshalStruct_AllocMemory", "Chapter 2.4\MarshalStruct_AllocMemory\MarshalStruct_AllocMemory.csproj", "{21CCA739-1137-4819-A88D-7DC65975AC6D}"
	ProjectSection(ProjectDependencies) = postProject
		{015F8C64-D47E-46C9-9D2F-78DC1CCEE8F7} = {015F8C64-D47E-46C9-9D2F-78DC1CCEE8F7}
	EndProjectSection
EndProject
Project("{2150E333-8FDC-42A3-9474-1A3956D46DE8}") = "Chapter 2.5", "Chapter 2.5", "{0E687152-063C-44FF-89D6-5B311C0211B4}"
EndProject
Project("{FAE04EC0-301F-11D3-BF4B-00C04F79EFBC}") = "MarshalStruct_FieldMarshal", "Chapter 2.5\MarshalStruct_FieldMarshal\MarshalStruct_FieldMarshal.csproj", "{12ECAADE-0CA9-4984-9F70-33739155581D}"
	ProjectSection(ProjectDependencies) = postProject
		{015F8C64-D47E-46C9-9D2F-78DC1CCEE8F7} = {015F8C64-D47E-46C9-9D2F-78DC1CCEE8F7}
	EndProjectSection
EndProject
Project("{2150E333-8FDC-42A3-9474-1A3956D46DE8}") = "Chapter 2.6", "Chapter 2.6", "{DFA6927D-D8EF-4C0C-A268-49AA6BE81317}"
EndProject
Project("{FAE04EC0-301F-11D3-BF4B-00C04F79EFBC}") = "MarshalStruct_ExactLayout", "Chapter 2.6\MarshalStruct_ExactLayout\MarshalStruct_ExactLayout.csproj", "{40BB16D8-46DF-436D-8389-239E3FB405B3}"
	ProjectSection(ProjectDependencies) = postProject
		{015F8C64-D47E-46C9-9D2F-78DC1CCEE8F7} = {015F8C64-D47E-46C9-9D2F-78DC1CCEE8F7}
	EndProjectSection
EndProject
Project("{2150E333-8FDC-42A3-9474-1A3956D46DE8}") = "Chapter 2.7", "Chapter 2.7", "{A871E392-6AB4-4736-A5A5-7433ED84C310}"
EndProject
Project("{FAE04EC0-301F-11D3-BF4B-00C04F79EFBC}") = "MarshalStruct_StructInStruct", "Chapter 2.7\MarshalStruct_StructInStruct\MarshalStruct_StructInStruct.csproj", "{BEEE6153-BD34-45BE-9EF1-BE3D8B03D4C0}"
	ProjectSection(ProjectDependencies) = postProject
		{015F8C64-D47E-46C9-9D2F-78DC1CCEE8F7} = {015F8C64-D47E-46C9-9D2F-78DC1CCEE8F7}
	EndProjectSection
EndProject
Project("{2150E333-8FDC-42A3-9474-1A3956D46DE8}") = "Chapter 2.8", "Chapter 2.8", "{1387B026-921D-455B-9F21-5F559703B744}"
EndProject
Project("{FAE04EC0-301F-11D3-BF4B-00C04F79EFBC}") = "MarshalClass", "Chapter 2.8\MarshalClass\MarshalClass.csproj", "{145A5415-833A-4276-8AF4-55846BCC381B}"
	ProjectSection(ProjectDependencies) = postProject
		{015F8C64-D47E-46C9-9D2F-78DC1CCEE8F7} = {015F8C64-D47E-46C9-9D2F-78DC1CCEE8F7}
	EndProjectSection
EndProject
Project("{2150E333-8FDC-42A3-9474-1A3956D46DE8}") = "Chapter 2.9", "Chapter 2.9", "{9F7296FF-851A-45D5-AF08-0F651F57C230}"
EndProject
Project("{FAE04EC0-301F-11D3-BF4B-00C04F79EFBC}") = "MarshalArray", "Chapter 2.9\MarshalArray_SimpleType\MarshalArray.csproj", "{5FA61345-057A-4B16-8B74-6987CF75F97F}"
	ProjectSection(ProjectDependencies) = postProject
		{015F8C64-D47E-46C9-9D2F-78DC1CCEE8F7} = {015F8C64-D47E-46C9-9D2F-78DC1CCEE8F7}
	EndProjectSection
EndProject
Project("{2150E333-8FDC-42A3-9474-1A3956D46DE8}") = "Chapter 2.10", "Chapter 2.10", "{1F528196-D638-4145-8909-0EFF20C9036A}"
EndProject
Project("{FAE04EC0-301F-11D3-BF4B-00C04F79EFBC}") = "MarshalFullExample", "Chapter 2.10\MarshalFullExample\MarshalFullExample.csproj", "{15954A68-E236-4AF0-A0F3-2D9B2AD5EEDF}"
	ProjectSection(ProjectDependencies) = postProject
		{015F8C64-D47E-46C9-9D2F-78DC1CCEE8F7} = {015F8C64-D47E-46C9-9D2F-78DC1CCEE8F7}
	EndProjectSection
EndProject
Project("{2150E333-8FDC-42A3-9474-1A3956D46DE8}") = "NativeLib", "NativeLib", "{A2802598-ACC2-4B8A-914B-5761079FACD7}"
EndProject
Project("{8BC9CEB8-8B4A-11D0-8D11-00A0C91BC942}") = "NativeLib", "NativeLib\NativeLib.vcproj", "{015F8C64-D47E-46C9-9D2F-78DC1CCEE8F7}"
EndProject
Global
	GlobalSection(SolutionConfigurationPlatforms) = preSolution
		Debug|x86 = Debug|x86
		Release|x86 = Release|x86
	EndGlobalSection
	GlobalSection(ProjectConfigurationPlatforms) = postSolution
		{2F4D6FB0-3A74-4FAC-8020-5704A299466A}.Debug|x86.ActiveCfg = Debug|x86
		{2F4D6FB0-3A74-4FAC-8020-5704A299466A}.Debug|x86.Build.0 = Debug|x86
		{2F4D6FB0-3A74-4FAC-8020-5704A299466A}.Release|x86.ActiveCfg = Release|x86
		{2F4D6FB0-3A74-4FAC-8020-5704A299466A}.Release|x86.Build.0 = Release|x86
		{136F1A41-8CCB-4FB0-956A-BFE114BE69E6}.Debug|x86.ActiveCfg = Debug|x86
		{136F1A41-8CCB-4FB0-956A-BFE114BE69E6}.Debug|x86.Build.0 = Debug|x86
		{136F1A41-8CCB-4FB0-956A-BFE114BE69E6}.Release|x86.ActiveCfg = Release|x86
		{136F1A41-8CCB-4FB0-956A-BFE114BE69E6}.Release|x86.Build.0 = Release|x86
		{AFACDF55-34C0-499C-9916-FCEF0D258572}.Debug|x86.ActiveCfg = Debug|x86
		{AFACDF55-34C0-499C-9916-FCEF0D258572}.Debug|x86.Build.0 = Debug|x86
		{AFACDF55-34C0-499C-9916-FCEF0D258572}.Release|x86.ActiveCfg = Release|x86
		{AFACDF55-34C0-499C-9916-FCEF0D258572}.Release|x86.Build.0 = Release|x86
		{21CCA739-1137-4819-A88D-7DC65975AC6D}.Debug|x86.ActiveCfg = Debug|x86
		{21CCA739-1137-4819-A88D-7DC65975AC6D}.Debug|x86.Build.0 = Debug|x86
		{21CCA739-1137-4819-A88D-7DC65975AC6D}.Release|x86.ActiveCfg = Release|x86
		{21CCA739-1137-4819-A88D-7DC65975AC6D}.Release|x86.Build.0 = Release|x86
		{12ECAADE-0CA9-4984-9F70-33739155581D}.Debug|x86.ActiveCfg = Debug|x86
		{12ECAADE-0CA9-4984-9F70-33739155581D}.Debug|x86.Build.0 = Debug|x86
		{12ECAADE-0CA9-4984-9F70-33739155581D}.Release|x86.ActiveCfg = Release|x86
		{12ECAADE-0CA9-4984-9F70-33739155581D}.Release|x86.Build.0 = Release|x86
		{40BB16D8-46DF-436D-8389-239E3FB405B3}.Debug|x86.ActiveCfg = Debug|x86
		{40BB16D8-46DF-436D-8389-239E3FB405B3}.Debug|x86.Build.0 = Debug|x86
		{40BB16D8-46DF-436D-8389-239E3FB405B3}.Release|x86.ActiveCfg = Release|x86
		{40BB16D8-46DF-436D-8389-239E3FB405B3}.Release|x86.Build.0 = Release|x86
		{BEEE6153-BD34-45BE-9EF1-BE3D8B03D4C0}.Debug|x86.ActiveCfg = Debug|x86
		{BEEE6153-BD34-45BE-9EF1-BE3D8B03D4C0}.Debug|x86.Build.0 = Debug|x86
		{BEEE6153-BD34-45BE-9EF1-BE3D8B03D4C0}.Release|x86.ActiveCfg = Release|x86
		{BEEE6153-BD34-45BE-9EF1-BE3D8B03D4C0}.Release|x86.Build.0 = Release|x86
		{145A5415-833A-4276-8AF4-55846BCC381B}.Debug|x86.ActiveCfg = Debug|x86
		{145A5415-833A-4276-8AF4-55846BCC381B}.Debug|x86.Build.0 = Debug|x86
		{145A5415-833A-4276-8AF4-55846BCC381B}.Release|x86.ActiveCfg = Release|x86
		{145A5415-833A-4276-8AF4-55846BCC381B}.Release|x86.Build.0 = Release|x86
		{5FA61345-057A-4B16-8B74-6987CF75F97F}.Debug|x86.ActiveCfg = Debug|x86
		{5FA61345-057A-4B16-8B74-6987CF75F97F}.Debug|x86.Build.0 = Debug|x86
		{5FA61345-057A-4B16-8B74-6987CF75F97F}.Release|x86.ActiveCfg = Release|x86
		{5FA61345-057A-4B16-8B74-6987CF75F97F}.Release|x86.Build.0 = Release|x86
		{15954A68-E236-4AF0-A0F3-2D9B2AD5EEDF}.Debug|x86.ActiveCfg = Debug|x86
		{15954A68-E236-4AF0-A0F3-2D9B2AD5EEDF}.Debug|x86.Build.0 = Debug|x86
		{15954A68-E236-4AF0-A0F3-2D9B2AD5EEDF}.Release|x86.ActiveCfg = Release|x86
		{15954A68-E236-4AF0-A0F3-2D9B2AD5EEDF}.Release|x86.Build.0 = Release|x86
		{015F8C64-D47E-46C9-9D2F-78DC1CCEE8F7}.Debug|x86.ActiveCfg = Debug|Win32
		{015F8C64-D47E-46C9-9D2F-78DC1CCEE8F7}.Debug|x86.Build.0 = Debug|Win32
		{015F8C64-D47E-46C9-9D2F-78DC1CCEE8F7}.Release|x86.ActiveCfg = Release|Win32
		{015F8C64-D47E-46C9-9D2F-78DC1CCEE8F7}.Release|x86.Build.0 = Release|Win32
	EndGlobalSection
	GlobalSection(SolutionProperties) = preSolution
		HideSolutionNode = FALSE
	EndGlobalSection
	GlobalSection(NestedProjects) = preSolution
		{2F4D6FB0-3A74-4FAC-8020-5704A299466A} = {175C7334-BAD1-4AA5-8187-6158B7F761C7}
		{136F1A41-8CCB-4FB0-956A-BFE114BE69E6} = {C51AE47A-A83A-4F65-BC27-BC1A24A04ADD}
		{AFACDF55-34C0-499C-9916-FCEF0D258572} = {A62D0402-4C13-469B-9066-E21A21096FC5}
		{21CCA739-1137-4819-A88D-7DC65975AC6D} = {12B556A7-1596-4821-8598-B29028980164}
		{12ECAADE-0CA9-4984-9F70-33739155581D} = {0E687152-063C-44FF-89D6-5B311C0211B4}
		{40BB16D8-46DF-436D-8389-239E3FB405B3} = {DFA6927D-D8EF-4C0C-A268-49AA6BE81317}
		{BEEE6153-BD34-45BE-9EF1-BE3D8B03D4C0} = {A871E392-6AB4-4736-A5A5-7433ED84C310}
		{145A5415-833A-4276-8AF4-55846BCC381B} = {1387B026-921D-455B-9F21-5F559703B744}
		{5FA61345-057A-4B16-8B74-6987CF75F97F} = {9F7296FF-851A-45D5-AF08-0F651F57C230}
		{15954A68-E236-4AF0-A0F3-2D9B2AD5EEDF} = {1F528196-D638-4145-8909-0EFF20C9036A}
		{015F8C64-D47E-46C9-9D2F-78DC1CCEE8F7} = {A2802598-ACC2-4B8A-914B-5761079FACD7}
	EndGlobalSection
EndGlobal
