
Microsoft Visual Studio Solution File, Format Version 9.00
# Visual Studio 2005
Project("{2150E333-8FDC-42A3-9474-1A3956D46DE8}") = "Chapter 6.4", "Chapter 6.4", "{72C052C2-FA37-45ED-803F-78E2017648A5}"
EndProject
Project("{FAE04EC0-301F-11D3-BF4B-00C04F79EFBC}") = "MarshalCommonType", "Chapter 6.4\MarshalCommonType\MarshalCommonType.csproj", "{E9D6F77A-C4C6-40B8-AE23-E1486E02CDB6}"
EndProject
Project("{FAE04EC0-301F-11D3-BF4B-00C04F79EFBC}") = "MarshalDirection", "Chapter 6.4\MarshalDirection\MarshalDirection.csproj", "{A4D722AD-7C1C-4D70-A51F-D837BCBC57AE}"
EndProject
Project("{FAE04EC0-301F-11D3-BF4B-00C04F79EFBC}") = "MarshalString", "Chapter 6.4\MarshalString\MarshalString.csproj", "{B1CBCF6D-187C-4644-AF2B-517515C5FAB8}"
EndProject
Project("{FAE04EC0-301F-11D3-BF4B-00C04F79EFBC}") = "MarshalArray", "Chapter 6.4\MarshalArray\MarshalArray.csproj", "{5909B732-AE4F-453A-BD60-5EB259A06D83}"
EndProject
Project("{FAE04EC0-301F-11D3-BF4B-00C04F79EFBC}") = "MarshalVariant", "Chapter 6.4\MarshalVariant\MarshalVariant.csproj", "{8267AC33-D711-4876-8DA9-3F6D25DC18D4}"
EndProject
Project("{FAE04EC0-301F-11D3-BF4B-00C04F79EFBC}") = "MarshalStructure", "Chapter 6.4\MarshalStructure\MarshalStructure.csproj", "{BF3D8857-EFA6-4A33-8B0F-1717A2616C83}"
EndProject
Project("{FAE04EC0-301F-11D3-BF4B-00C04F79EFBC}") = "MarshalEvent", "Chapter 6.4\MarshalEvent\MarshalEvent.csproj", "{D6A9AEB9-2C2B-458C-AAAD-180434CAB017}"
EndProject
Project("{FAE04EC0-301F-11D3-BF4B-00C04F79EFBC}") = "MarshalOptionalParam", "Chapter 6.4\MarshalOptionalParam\MarshalOptionalParam.csproj", "{23169F79-45B6-4264-9384-4675047B1FE5}"
EndProject
Project("{8BC9CEB8-8B4A-11D0-8D11-00A0C91BC942}") = "COMClientCPP", "Chapter 6.4\COMClientCPP\COMClientCPP.vcproj", "{DE25846B-1265-4B8F-B513-DDB213C073BB}"
	ProjectSection(ProjectDependencies) = postProject
		{8267AC33-D711-4876-8DA9-3F6D25DC18D4} = {8267AC33-D711-4876-8DA9-3F6D25DC18D4}
		{BF3D8857-EFA6-4A33-8B0F-1717A2616C83} = {BF3D8857-EFA6-4A33-8B0F-1717A2616C83}
		{B1CBCF6D-187C-4644-AF2B-517515C5FAB8} = {B1CBCF6D-187C-4644-AF2B-517515C5FAB8}
		{23169F79-45B6-4264-9384-4675047B1FE5} = {23169F79-45B6-4264-9384-4675047B1FE5}
		{E9D6F77A-C4C6-40B8-AE23-E1486E02CDB6} = {E9D6F77A-C4C6-40B8-AE23-E1486E02CDB6}
		{A4D722AD-7C1C-4D70-A51F-D837BCBC57AE} = {A4D722AD-7C1C-4D70-A51F-D837BCBC57AE}
		{D6A9AEB9-2C2B-458C-AAAD-180434CAB017} = {D6A9AEB9-2C2B-458C-AAAD-180434CAB017}
		{5909B732-AE4F-453A-BD60-5EB259A06D83} = {5909B732-AE4F-453A-BD60-5EB259A06D83}
		{B1908D28-AA89-4CAF-8C94-E1EC3BEAA592} = {B1908D28-AA89-4CAF-8C94-E1EC3BEAA592}
	EndProjectSection
EndProject
Project("{FAE04EC0-301F-11D3-BF4B-00C04F79EFBC}") = "MarshalCollection", "Chapter 6.4\MarshalCollection\MarshalCollection.csproj", "{B1908D28-AA89-4CAF-8C94-E1EC3BEAA592}"
EndProject
Project("{2150E333-8FDC-42A3-9474-1A3956D46DE8}") = "Chapter 6.5", "Chapter 6.5", "{9ABCDE78-633E-42DA-87BD-F4D5B761DB72}"
EndProject
Project("{FAE04EC0-301F-11D3-BF4B-00C04F79EFBC}") = "Exception2HRESULT", "Chapter 6.5\Exception2HRESULT\Exception2HRESULT.csproj", "{040D958F-0CE4-49DF-9196-45732A2DA325}"
EndProject
Project("{8BC9CEB8-8B4A-11D0-8D11-00A0C91BC942}") = "COMClientException", "Chapter 6.5\COMClientException\COMClientException.vcproj", "{CD19E4BB-66B1-4E1F-8B27-D9C50E3342E8}"
	ProjectSection(ProjectDependencies) = postProject
		{040D958F-0CE4-49DF-9196-45732A2DA325} = {040D958F-0CE4-49DF-9196-45732A2DA325}
	EndProjectSection
EndProject
Project("{2150E333-8FDC-42A3-9474-1A3956D46DE8}") = "Chapter 6.1", "Chapter 6.1", "{D71B3616-4CB5-41F0-B2C7-B4CA6FF913E7}"
EndProject
Project("{FAE04EC0-301F-11D3-BF4B-00C04F79EFBC}") = "EarlyBinding", "Chapter 6.1\EarlyBinding\EarlyBinding.csproj", "{ED9D57EE-F7DB-4B56-8041-7C0B252747E6}"
EndProject
Project("{8BC9CEB8-8B4A-11D0-8D11-00A0C91BC942}") = "COMClientEarlyBinding", "Chapter 6.1\COMClientEarlyBinding\COMClientEarlyBinding.vcproj", "{E3585215-73A2-4A5D-A973-69533FCEAFDC}"
	ProjectSection(ProjectDependencies) = postProject
		{ED9D57EE-F7DB-4B56-8041-7C0B252747E6} = {ED9D57EE-F7DB-4B56-8041-7C0B252747E6}
	EndProjectSection
EndProject
Project("{2150E333-8FDC-42A3-9474-1A3956D46DE8}") = "Chapter 6.2", "Chapter 6.2", "{72A2E45F-DC96-4D21-B9F7-429462A32719}"
EndProject
Project("{2150E333-8FDC-42A3-9474-1A3956D46DE8}") = "Chapter 6.3", "Chapter 6.3", "{819E313C-E829-44DE-B263-B407F276AD41}"
EndProject
Project("{8BC9CEB8-8B4A-11D0-8D11-00A0C91BC942}") = "COMClientLateBinding", "Chapter 6.1\COMClientLateBinding\COMClientLateBinding.vcproj", "{8D795D78-4FBC-4884-AC51-A2D2810AF076}"
	ProjectSection(ProjectDependencies) = postProject
		{5BF2E395-BB4D-4739-87C9-5EE0B57E302C} = {5BF2E395-BB4D-4739-87C9-5EE0B57E302C}
	EndProjectSection
EndProject
Project("{FAE04EC0-301F-11D3-BF4B-00C04F79EFBC}") = "LateBinding", "Chapter 6.1\LateBinding\LateBinding.csproj", "{5BF2E395-BB4D-4739-87C9-5EE0B57E302C}"
EndProject
Project("{FAE04EC0-301F-11D3-BF4B-00C04F79EFBC}") = "ExposeInterface", "Chapter 6.2\ExposeInterface\ExposeInterface.csproj", "{1577B377-86DE-4DE9-B3F5-1C7A9064443D}"
EndProject
Project("{8BC9CEB8-8B4A-11D0-8D11-00A0C91BC942}") = "COMClientInterface", "Chapter 6.2\COMClientInterface\COMClientInterface.vcproj", "{5AF96D8F-047F-446A-8222-B0B2FCA8DACE}"
	ProjectSection(ProjectDependencies) = postProject
		{1577B377-86DE-4DE9-B3F5-1C7A9064443D} = {1577B377-86DE-4DE9-B3F5-1C7A9064443D}
	EndProjectSection
EndProject
Project("{FAE04EC0-301F-11D3-BF4B-00C04F79EFBC}") = "AttributeTweakCOM", "Chapter 6.3\AttributeTweakCOM\AttributeTweakCOM.csproj", "{C4EF15AA-ED86-4A8B-931F-D3B1486F492F}"
EndProject
Project("{8BC9CEB8-8B4A-11D0-8D11-00A0C91BC942}") = "COMClientAttributeTweak", "Chapter 6.3\COMClientAttributeTweak\COMClientAttributeTweak.vcproj", "{1F9853BF-FE71-49C1-8B00-5102F5CE3607}"
	ProjectSection(ProjectDependencies) = postProject
		{C4EF15AA-ED86-4A8B-931F-D3B1486F492F} = {C4EF15AA-ED86-4A8B-931F-D3B1486F492F}
	EndProjectSection
EndProject
Global
	GlobalSection(SolutionConfigurationPlatforms) = preSolution
		Debug|x86 = Debug|x86
		Release|x86 = Release|x86
	EndGlobalSection
	GlobalSection(ProjectConfigurationPlatforms) = postSolution
		{E9D6F77A-C4C6-40B8-AE23-E1486E02CDB6}.Debug|x86.ActiveCfg = Debug|x86
		{E9D6F77A-C4C6-40B8-AE23-E1486E02CDB6}.Debug|x86.Build.0 = Debug|x86
		{E9D6F77A-C4C6-40B8-AE23-E1486E02CDB6}.Release|x86.ActiveCfg = Release|x86
		{E9D6F77A-C4C6-40B8-AE23-E1486E02CDB6}.Release|x86.Build.0 = Release|x86
		{A4D722AD-7C1C-4D70-A51F-D837BCBC57AE}.Debug|x86.ActiveCfg = Debug|x86
		{A4D722AD-7C1C-4D70-A51F-D837BCBC57AE}.Debug|x86.Build.0 = Debug|x86
		{A4D722AD-7C1C-4D70-A51F-D837BCBC57AE}.Release|x86.ActiveCfg = Release|x86
		{A4D722AD-7C1C-4D70-A51F-D837BCBC57AE}.Release|x86.Build.0 = Release|x86
		{B1CBCF6D-187C-4644-AF2B-517515C5FAB8}.Debug|x86.ActiveCfg = Debug|x86
		{B1CBCF6D-187C-4644-AF2B-517515C5FAB8}.Debug|x86.Build.0 = Debug|x86
		{B1CBCF6D-187C-4644-AF2B-517515C5FAB8}.Release|x86.ActiveCfg = Release|x86
		{B1CBCF6D-187C-4644-AF2B-517515C5FAB8}.Release|x86.Build.0 = Release|x86
		{5909B732-AE4F-453A-BD60-5EB259A06D83}.Debug|x86.ActiveCfg = Debug|x86
		{5909B732-AE4F-453A-BD60-5EB259A06D83}.Debug|x86.Build.0 = Debug|x86
		{5909B732-AE4F-453A-BD60-5EB259A06D83}.Release|x86.ActiveCfg = Release|x86
		{5909B732-AE4F-453A-BD60-5EB259A06D83}.Release|x86.Build.0 = Release|x86
		{8267AC33-D711-4876-8DA9-3F6D25DC18D4}.Debug|x86.ActiveCfg = Debug|x86
		{8267AC33-D711-4876-8DA9-3F6D25DC18D4}.Debug|x86.Build.0 = Debug|x86
		{8267AC33-D711-4876-8DA9-3F6D25DC18D4}.Release|x86.ActiveCfg = Release|x86
		{8267AC33-D711-4876-8DA9-3F6D25DC18D4}.Release|x86.Build.0 = Release|x86
		{BF3D8857-EFA6-4A33-8B0F-1717A2616C83}.Debug|x86.ActiveCfg = Debug|x86
		{BF3D8857-EFA6-4A33-8B0F-1717A2616C83}.Debug|x86.Build.0 = Debug|x86
		{BF3D8857-EFA6-4A33-8B0F-1717A2616C83}.Release|x86.ActiveCfg = Release|x86
		{BF3D8857-EFA6-4A33-8B0F-1717A2616C83}.Release|x86.Build.0 = Release|x86
		{D6A9AEB9-2C2B-458C-AAAD-180434CAB017}.Debug|x86.ActiveCfg = Debug|x86
		{D6A9AEB9-2C2B-458C-AAAD-180434CAB017}.Debug|x86.Build.0 = Debug|x86
		{D6A9AEB9-2C2B-458C-AAAD-180434CAB017}.Release|x86.ActiveCfg = Release|x86
		{D6A9AEB9-2C2B-458C-AAAD-180434CAB017}.Release|x86.Build.0 = Release|x86
		{23169F79-45B6-4264-9384-4675047B1FE5}.Debug|x86.ActiveCfg = Debug|x86
		{23169F79-45B6-4264-9384-4675047B1FE5}.Debug|x86.Build.0 = Debug|x86
		{23169F79-45B6-4264-9384-4675047B1FE5}.Release|x86.ActiveCfg = Release|x86
		{23169F79-45B6-4264-9384-4675047B1FE5}.Release|x86.Build.0 = Release|x86
		{DE25846B-1265-4B8F-B513-DDB213C073BB}.Debug|x86.ActiveCfg = Debug|Win32
		{DE25846B-1265-4B8F-B513-DDB213C073BB}.Debug|x86.Build.0 = Debug|Win32
		{DE25846B-1265-4B8F-B513-DDB213C073BB}.Release|x86.ActiveCfg = Release|Win32
		{DE25846B-1265-4B8F-B513-DDB213C073BB}.Release|x86.Build.0 = Release|Win32
		{B1908D28-AA89-4CAF-8C94-E1EC3BEAA592}.Debug|x86.ActiveCfg = Debug|x86
		{B1908D28-AA89-4CAF-8C94-E1EC3BEAA592}.Debug|x86.Build.0 = Debug|x86
		{B1908D28-AA89-4CAF-8C94-E1EC3BEAA592}.Release|x86.ActiveCfg = Release|x86
		{B1908D28-AA89-4CAF-8C94-E1EC3BEAA592}.Release|x86.Build.0 = Release|x86
		{040D958F-0CE4-49DF-9196-45732A2DA325}.Debug|x86.ActiveCfg = Debug|x86
		{040D958F-0CE4-49DF-9196-45732A2DA325}.Debug|x86.Build.0 = Debug|x86
		{040D958F-0CE4-49DF-9196-45732A2DA325}.Release|x86.ActiveCfg = Release|x86
		{040D958F-0CE4-49DF-9196-45732A2DA325}.Release|x86.Build.0 = Release|x86
		{CD19E4BB-66B1-4E1F-8B27-D9C50E3342E8}.Debug|x86.ActiveCfg = Debug|Win32
		{CD19E4BB-66B1-4E1F-8B27-D9C50E3342E8}.Debug|x86.Build.0 = Debug|Win32
		{CD19E4BB-66B1-4E1F-8B27-D9C50E3342E8}.Release|x86.ActiveCfg = Release|Win32
		{CD19E4BB-66B1-4E1F-8B27-D9C50E3342E8}.Release|x86.Build.0 = Release|Win32
		{ED9D57EE-F7DB-4B56-8041-7C0B252747E6}.Debug|x86.ActiveCfg = Debug|x86
		{ED9D57EE-F7DB-4B56-8041-7C0B252747E6}.Debug|x86.Build.0 = Debug|x86
		{ED9D57EE-F7DB-4B56-8041-7C0B252747E6}.Release|x86.ActiveCfg = Release|x86
		{ED9D57EE-F7DB-4B56-8041-7C0B252747E6}.Release|x86.Build.0 = Release|x86
		{E3585215-73A2-4A5D-A973-69533FCEAFDC}.Debug|x86.ActiveCfg = Debug|Win32
		{E3585215-73A2-4A5D-A973-69533FCEAFDC}.Debug|x86.Build.0 = Debug|Win32
		{E3585215-73A2-4A5D-A973-69533FCEAFDC}.Release|x86.ActiveCfg = Release|Win32
		{E3585215-73A2-4A5D-A973-69533FCEAFDC}.Release|x86.Build.0 = Release|Win32
		{8D795D78-4FBC-4884-AC51-A2D2810AF076}.Debug|x86.ActiveCfg = Debug|Win32
		{8D795D78-4FBC-4884-AC51-A2D2810AF076}.Debug|x86.Build.0 = Debug|Win32
		{8D795D78-4FBC-4884-AC51-A2D2810AF076}.Release|x86.ActiveCfg = Release|Win32
		{8D795D78-4FBC-4884-AC51-A2D2810AF076}.Release|x86.Build.0 = Release|Win32
		{5BF2E395-BB4D-4739-87C9-5EE0B57E302C}.Debug|x86.ActiveCfg = Debug|x86
		{5BF2E395-BB4D-4739-87C9-5EE0B57E302C}.Debug|x86.Build.0 = Debug|x86
		{5BF2E395-BB4D-4739-87C9-5EE0B57E302C}.Release|x86.ActiveCfg = Release|x86
		{5BF2E395-BB4D-4739-87C9-5EE0B57E302C}.Release|x86.Build.0 = Release|x86
		{1577B377-86DE-4DE9-B3F5-1C7A9064443D}.Debug|x86.ActiveCfg = Debug|x86
		{1577B377-86DE-4DE9-B3F5-1C7A9064443D}.Debug|x86.Build.0 = Debug|x86
		{1577B377-86DE-4DE9-B3F5-1C7A9064443D}.Release|x86.ActiveCfg = Release|x86
		{1577B377-86DE-4DE9-B3F5-1C7A9064443D}.Release|x86.Build.0 = Release|x86
		{5AF96D8F-047F-446A-8222-B0B2FCA8DACE}.Debug|x86.ActiveCfg = Debug|Win32
		{5AF96D8F-047F-446A-8222-B0B2FCA8DACE}.Debug|x86.Build.0 = Debug|Win32
		{5AF96D8F-047F-446A-8222-B0B2FCA8DACE}.Release|x86.ActiveCfg = Release|Win32
		{5AF96D8F-047F-446A-8222-B0B2FCA8DACE}.Release|x86.Build.0 = Release|Win32
		{C4EF15AA-ED86-4A8B-931F-D3B1486F492F}.Debug|x86.ActiveCfg = Debug|x86
		{C4EF15AA-ED86-4A8B-931F-D3B1486F492F}.Debug|x86.Build.0 = Debug|x86
		{C4EF15AA-ED86-4A8B-931F-D3B1486F492F}.Release|x86.ActiveCfg = Release|x86
		{C4EF15AA-ED86-4A8B-931F-D3B1486F492F}.Release|x86.Build.0 = Release|x86
		{1F9853BF-FE71-49C1-8B00-5102F5CE3607}.Debug|x86.ActiveCfg = Debug|Win32
		{1F9853BF-FE71-49C1-8B00-5102F5CE3607}.Debug|x86.Build.0 = Debug|Win32
		{1F9853BF-FE71-49C1-8B00-5102F5CE3607}.Release|x86.ActiveCfg = Release|Win32
		{1F9853BF-FE71-49C1-8B00-5102F5CE3607}.Release|x86.Build.0 = Release|Win32
	EndGlobalSection
	GlobalSection(SolutionProperties) = preSolution
		HideSolutionNode = FALSE
	EndGlobalSection
	GlobalSection(NestedProjects) = preSolution
		{E9D6F77A-C4C6-40B8-AE23-E1486E02CDB6} = {72C052C2-FA37-45ED-803F-78E2017648A5}
		{A4D722AD-7C1C-4D70-A51F-D837BCBC57AE} = {72C052C2-FA37-45ED-803F-78E2017648A5}
		{B1CBCF6D-187C-4644-AF2B-517515C5FAB8} = {72C052C2-FA37-45ED-803F-78E2017648A5}
		{5909B732-AE4F-453A-BD60-5EB259A06D83} = {72C052C2-FA37-45ED-803F-78E2017648A5}
		{8267AC33-D711-4876-8DA9-3F6D25DC18D4} = {72C052C2-FA37-45ED-803F-78E2017648A5}
		{BF3D8857-EFA6-4A33-8B0F-1717A2616C83} = {72C052C2-FA37-45ED-803F-78E2017648A5}
		{D6A9AEB9-2C2B-458C-AAAD-180434CAB017} = {72C052C2-FA37-45ED-803F-78E2017648A5}
		{23169F79-45B6-4264-9384-4675047B1FE5} = {72C052C2-FA37-45ED-803F-78E2017648A5}
		{DE25846B-1265-4B8F-B513-DDB213C073BB} = {72C052C2-FA37-45ED-803F-78E2017648A5}
		{B1908D28-AA89-4CAF-8C94-E1EC3BEAA592} = {72C052C2-FA37-45ED-803F-78E2017648A5}
		{040D958F-0CE4-49DF-9196-45732A2DA325} = {9ABCDE78-633E-42DA-87BD-F4D5B761DB72}
		{CD19E4BB-66B1-4E1F-8B27-D9C50E3342E8} = {9ABCDE78-633E-42DA-87BD-F4D5B761DB72}
		{ED9D57EE-F7DB-4B56-8041-7C0B252747E6} = {D71B3616-4CB5-41F0-B2C7-B4CA6FF913E7}
		{E3585215-73A2-4A5D-A973-69533FCEAFDC} = {D71B3616-4CB5-41F0-B2C7-B4CA6FF913E7}
		{8D795D78-4FBC-4884-AC51-A2D2810AF076} = {D71B3616-4CB5-41F0-B2C7-B4CA6FF913E7}
		{5BF2E395-BB4D-4739-87C9-5EE0B57E302C} = {D71B3616-4CB5-41F0-B2C7-B4CA6FF913E7}
		{1577B377-86DE-4DE9-B3F5-1C7A9064443D} = {72A2E45F-DC96-4D21-B9F7-429462A32719}
		{5AF96D8F-047F-446A-8222-B0B2FCA8DACE} = {72A2E45F-DC96-4D21-B9F7-429462A32719}
		{C4EF15AA-ED86-4A8B-931F-D3B1486F492F} = {819E313C-E829-44DE-B263-B407F276AD41}
		{1F9853BF-FE71-49C1-8B00-5102F5CE3607} = {819E313C-E829-44DE-B263-B407F276AD41}
	EndGlobalSection
EndGlobal
